// !$*UTF8*$!
{
	archiveVersion = 1;
	classes = {
	};
	objectVersion = 55;
	objects = {

/* Begin PBXBuildFile section */
		411142AD2FACB2C900268097 /* Mulish-ExtraBold.ttf in Resources */ = {isa = PBXBuildFile; fileRef = 411142A62FACB2C700268097 /* Mulish-ExtraBold.ttf */; };
		411142AE2FACB2C900268097 /* Mulish-Light.ttf in Resources */ = {isa = PBXBuildFile; fileRef = 411142A72FACB2C800268097 /* Mulish-Light.ttf */; };
		411142AF2FACB2C900268097 /* Mulish-SemiBold.ttf in Resources */ = {isa = PBXBuildFile; fileRef = 411142A82FACB2C800268097 /* Mulish-SemiBold.ttf */; };
		411142B02FACB2C900268097 /* Mulish-Bold.ttf in Resources */ = {isa = PBXBuildFile; fileRef = 411142A92FACB2C800268097 /* Mulish-Bold.ttf */; };
		411142B12FACB2C900268097 /* Mulish-Regular.ttf in Resources */ = {isa = PBXBuildFile; fileRef = 411142AA2FACB2C900268097 /* Mulish-Regular.ttf */; };
		411142B22FACB2C900268097 /* Mulish-Medium.ttf in Resources */ = {isa = PBXBuildFile; fileRef = 411142AB2FACB2C900268097 /* Mulish-Medium.ttf */; };
		411142C02FACEE5A00268097 /* HomeViewController+CollectionView.swift in Sources */ = {isa = PBXBuildFile; fileRef = 411142B62FACEE5A00268097 /* HomeViewController+CollectionView.swift */; };
		411142C12FACEE5A00268097 /* HomeViewController+CollectionView.swift in Sources */ = {isa = PBXBuildFile; fileRef = 411142B62FACEE5A00268097 /* HomeViewController+CollectionView.swift */; };
		411142C22FACEE5B00268097 /* HomeViewController+CollectionView.swift in Sources */ = {isa = PBXBuildFile; fileRef = 411142B62FACEE5A00268097 /* HomeViewController+CollectionView.swift */; };
		411142C32FACEE5B00268097 /* HomePresenterProtocol.swift in Sources */ = {isa = PBXBuildFile; fileRef = 411142B82FACEE5A00268097 /* HomePresenterProtocol.swift */; };
		411142C42FACEE5B00268097 /* HomePresenterProtocol.swift in Sources */ = {isa = PBXBuildFile; fileRef = 411142B82FACEE5A00268097 /* HomePresenterProtocol.swift */; };
		411142C52FACEE5B00268097 /* HomePresenterProtocol.swift in Sources */ = {isa = PBXBuildFile; fileRef = 411142B82FACEE5A00268097 /* HomePresenterProtocol.swift */; };
		411142C62FACEE5B00268097 /* HomePresenter.swift in Sources */ = {isa = PBXBuildFile; fileRef = 411142B92FACEE5A00268097 /* HomePresenter.swift */; };
		411142C72FACEE5B00268097 /* HomePresenter.swift in Sources */ = {isa = PBXBuildFile; fileRef = 411142B92FACEE5A00268097 /* HomePresenter.swift */; };
		411142C82FACEE5B00268097 /* HomePresenter.swift in Sources */ = {isa = PBXBuildFile; fileRef = 411142B92FACEE5A00268097 /* HomePresenter.swift */; };
		411142C92FACEE5B00268097 /* Sport.swift in Sources */ = {isa = PBXBuildFile; fileRef = 411142BB2FACEE5A00268097 /* Sport.swift */; };
		411142CA2FACEE5B00268097 /* Sport.swift in Sources */ = {isa = PBXBuildFile; fileRef = 411142BB2FACEE5A00268097 /* Sport.swift */; };
		411142CB2FACEE5B00268097 /* Sport.swift in Sources */ = {isa = PBXBuildFile; fileRef = 411142BB2FACEE5A00268097 /* Sport.swift */; };
		411142CC2FACEE5B00268097 /* HomeCollectionViewCell.swift in Sources */ = {isa = PBXBuildFile; fileRef = 411142BE2FACEE5A00268097 /* HomeCollectionViewCell.swift */; };
		411142CD2FACEE5B00268097 /* HomeCollectionViewCell.swift in Sources */ = {isa = PBXBuildFile; fileRef = 411142BE2FACEE5A00268097 /* HomeCollectionViewCell.swift */; };
		411142CE2FACEE5B00268097 /* HomeCollectionViewCell.swift in Sources */ = {isa = PBXBuildFile; fileRef = 411142BE2FACEE5A00268097 /* HomeCollectionViewCell.swift */; };
		411142CF2FACEE5B00268097 /* HomeCollectionViewController.swift in Sources */ = {isa = PBXBuildFile; fileRef = 411142BF2FACEE5A00268097 /* HomeCollectionViewController.swift */; };
		411142D02FACEE5B00268097 /* HomeCollectionViewController.swift in Sources */ = {isa = PBXBuildFile; fileRef = 411142BF2FACEE5A00268097 /* HomeCollectionViewController.swift */; };
		411142D12FACEE5B00268097 /* HomeCollectionViewController.swift in Sources */ = {isa = PBXBuildFile; fileRef = 411142BF2FACEE5A00268097 /* HomeCollectionViewController.swift */; };
		413B2C002FB495ED00DD5EF8 /* Coach.swift in Sources */ = {isa = PBXBuildFile; fileRef = 413B2BFF2FB495ED00DD5EF8 /* Coach.swift */; };
		413B2C022FB4969D00DD5EF8 /* Player.swift in Sources */ = {isa = PBXBuildFile; fileRef = 413B2C012FB4969D00DD5EF8 /* Player.swift */; };
		413B2C052FB496F300DD5EF8 /* PlayerType.swift in Sources */ = {isa = PBXBuildFile; fileRef = 413B2C042FB496F300DD5EF8 /* PlayerType.swift */; };
		413B2C0A2FB4CE1900DD5EF8 /* AllLeaguesViewController+UISearchBarDelegate.swift in Sources */ = {isa = PBXBuildFile; fileRef = 413B2C092FB4CE1900DD5EF8 /* AllLeaguesViewController+UISearchBarDelegate.swift */; };
		413B2C0C2FB4CE7400DD5EF8 /* AllLeaguesViewController+AllLeaguesViewControllerProtocol.swift in Sources */ = {isa = PBXBuildFile; fileRef = 413B2C0B2FB4CE7400DD5EF8 /* AllLeaguesViewController+AllLeaguesViewControllerProtocol.swift */; };
		413B2C0E2FB4CF1300DD5EF8 /* AllLeaguesViewController+UITableViewDelegate.swift in Sources */ = {isa = PBXBuildFile; fileRef = 413B2C0D2FB4CF1300DD5EF8 /* AllLeaguesViewController+UITableViewDelegate.swift */; };
		413B2C102FB4CF4400DD5EF8 /* AllLeaguesViewController+SkeletonTableViewDataSource.swift in Sources */ = {isa = PBXBuildFile; fileRef = 413B2C0F2FB4CF4400DD5EF8 /* AllLeaguesViewController+SkeletonTableViewDataSource.swift */; };
		413B2C122FB4CF8700DD5EF8 /* AllLeaguesViewControllerProtocol.swift in Sources */ = {isa = PBXBuildFile; fileRef = 413B2C112FB4CF8700DD5EF8 /* AllLeaguesViewControllerProtocol.swift */; };
		414960552FB5380200B33A62 /* PlayerDetailsViewController.swift in Sources */ = {isa = PBXBuildFile; fileRef = 414960542FB5380200B33A62 /* PlayerDetailsViewController.swift */; };
		414960582FB538CB00B33A62 /* PlayerInfoTableViewCell.swift in Sources */ = {isa = PBXBuildFile; fileRef = 414960562FB538CB00B33A62 /* PlayerInfoTableViewCell.swift */; };
		414960592FB538CB00B33A62 /* PlayerInfoTableViewCell.xib in Resources */ = {isa = PBXBuildFile; fileRef = 414960572FB538CB00B33A62 /* PlayerInfoTableViewCell.xib */; };
		41721D012FB119630054BA7B /* UpcomingCollectionViewCell.swift in Sources */ = {isa = PBXBuildFile; fileRef = 41721CFF2FB119630054BA7B /* UpcomingCollectionViewCell.swift */; };
		41721D022FB119630054BA7B /* UpcomingCollectionViewCell.xib in Resources */ = {isa = PBXBuildFile; fileRef = 41721D002FB119630054BA7B /* UpcomingCollectionViewCell.xib */; };
		41721D122FB223140054BA7B /* PlayerTableViewCell.swift in Sources */ = {isa = PBXBuildFile; fileRef = 41721D102FB223140054BA7B /* PlayerTableViewCell.swift */; };
		41721D132FB223140054BA7B /* PlayerTableViewCell.xib in Resources */ = {isa = PBXBuildFile; fileRef = 41721D112FB223140054BA7B /* PlayerTableViewCell.xib */; };
		41721D182FB22C720054BA7B /* TeamDetailsViewController.swift in Sources */ = {isa = PBXBuildFile; fileRef = 41721D172FB22C720054BA7B /* TeamDetailsViewController.swift */; };
		41721D1C2FB2593B0054BA7B /* TeamDetailsViewController+Extenstion.swift in Sources */ = {isa = PBXBuildFile; fileRef = 41721D1B2FB2593B0054BA7B /* TeamDetailsViewController+Extenstion.swift */; };
		41721D1E2FB259810054BA7B /* TeamDetailsPresenterProtocol.swift in Sources */ = {isa = PBXBuildFile; fileRef = 41721D1D2FB259810054BA7B /* TeamDetailsPresenterProtocol.swift */; };
		41721D202FB259930054BA7B /* TeamDetailsPresenter.swift in Sources */ = {isa = PBXBuildFile; fileRef = 41721D1F2FB259930054BA7B /* TeamDetailsPresenter.swift */; };
		41721D222FB259DD0054BA7B /* TeamDetailsViewControllerProtocol.swift in Sources */ = {isa = PBXBuildFile; fileRef = 41721D212FB259DD0054BA7B /* TeamDetailsViewControllerProtocol.swift */; };
		4183477F2FB27F0900F140EC /* LeagueDetailsCollectionViewController+TeamEventCellDelegate.swift in Sources */ = {isa = PBXBuildFile; fileRef = 4183477E2FB27F0900F140EC /* LeagueDetailsCollectionViewController+TeamEventCellDelegate.swift */; };
		418347812FB3073C00F140EC /* Event.swift in Sources */ = {isa = PBXBuildFile; fileRef = 418347802FB3073C00F140EC /* Event.swift */; };
		418347842FB3077C00F140EC /* FootballFixture.swift in Sources */ = {isa = PBXBuildFile; fileRef = 418347832FB3077C00F140EC /* FootballFixture.swift */; };
		418347862FB307B300F140EC /* BasketballFixture.swift in Sources */ = {isa = PBXBuildFile; fileRef = 418347852FB307B300F140EC /* BasketballFixture.swift */; };
		418347882FB307CC00F140EC /* TennisFixture.swift in Sources */ = {isa = PBXBuildFile; fileRef = 418347872FB307CC00F140EC /* TennisFixture.swift */; };
		4183478A2FB307E600F140EC /* CricketFixture.swift in Sources */ = {isa = PBXBuildFile; fileRef = 418347892FB307E600F140EC /* CricketFixture.swift */; };
		4183478D2FB30AEC00F140EC /* NetworkService+Fixtures.swift in Sources */ = {isa = PBXBuildFile; fileRef = 4183478C2FB30AEC00F140EC /* NetworkService+Fixtures.swift */; };
		418347CD2FB33E3400F140EC /* Team.swift in Sources */ = {isa = PBXBuildFile; fileRef = 418347CC2FB33E3400F140EC /* Team.swift */; };
		4186CEDC2FAD1CD00045F230 /* League.swift in Sources */ = {isa = PBXBuildFile; fileRef = 4186CEDB2FAD1CD00045F230 /* League.swift */; };
		41C9E4C52FAFCF80003E455E /* AllLeaguesViewController.swift in Sources */ = {isa = PBXBuildFile; fileRef = 41C9E4C42FAFCF80003E455E /* AllLeaguesViewController.swift */; };
		41C9E4C72FAFD086003E455E /* AllLeaguesPresenter.swift in Sources */ = {isa = PBXBuildFile; fileRef = 41C9E4C62FAFD086003E455E /* AllLeaguesPresenter.swift */; };
		41C9E4CA2FAFD0F0003E455E /* Constants.swift in Sources */ = {isa = PBXBuildFile; fileRef = 41C9E4C92FAFD0F0003E455E /* Constants.swift */; };
		41C9E4CD2FAFD157003E455E /* SportType.swift in Sources */ = {isa = PBXBuildFile; fileRef = 41C9E4CC2FAFD157003E455E /* SportType.swift */; };
		41C9E4CF2FAFD16E003E455E /* NetworkProtocol.swift in Sources */ = {isa = PBXBuildFile; fileRef = 41C9E4CE2FAFD16E003E455E /* NetworkProtocol.swift */; };
		41C9E4D22FAFD1D8003E455E /* Alamofire in Frameworks */ = {isa = PBXBuildFile; productRef = 41C9E4D12FAFD1D8003E455E /* Alamofire */; };
		41C9E4D42FAFD201003E455E /* NetworkService.swift in Sources */ = {isa = PBXBuildFile; fileRef = 41C9E4D32FAFD201003E455E /* NetworkService.swift */; };
		41C9E4D72FAFD2A0003E455E /* NetworkProtocol+Leagues.swift in Sources */ = {isa = PBXBuildFile; fileRef = 41C9E4D62FAFD2A0003E455E /* NetworkProtocol+Leagues.swift */; };
		41C9E4DA2FAFD310003E455E /* LeagueResponse.swift in Sources */ = {isa = PBXBuildFile; fileRef = 41C9E4D92FAFD310003E455E /* LeagueResponse.swift */; };
		41C9E4DC2FAFE0BB003E455E /* LeagueHeaderView.swift in Sources */ = {isa = PBXBuildFile; fileRef = 41C9E4DB2FAFE0BB003E455E /* LeagueHeaderView.swift */; };
		41C9E4DF2FAFE2AF003E455E /* Kingfisher in Frameworks */ = {isa = PBXBuildFile; productRef = 41C9E4DE2FAFE2AF003E455E /* Kingfisher */; };
		41D3164D2FB53FBC00922FA3 /* PlayerDetailsPresenter.swift in Sources */ = {isa = PBXBuildFile; fileRef = 41D3164C2FB53FBC00922FA3 /* PlayerDetailsPresenter.swift */; };
		B315D2902FA9B412000A70D9 /* AppDelegate.swift in Sources */ = {isa = PBXBuildFile; fileRef = B315D28F2FA9B412000A70D9 /* AppDelegate.swift */; };
		B315D2922FA9B412000A70D9 /* SceneDelegate.swift in Sources */ = {isa = PBXBuildFile; fileRef = B315D2912FA9B412000A70D9 /* SceneDelegate.swift */; };
		B315D2972FA9B412000A70D9 /* Main.storyboard in Resources */ = {isa = PBXBuildFile; fileRef = B315D2952FA9B412000A70D9 /* Main.storyboard */; };
		B315D29A2FA9B412000A70D9 /* SportsApplication.xcdatamodeld in Sources */ = {isa = PBXBuildFile; fileRef = B315D2982FA9B412000A70D9 /* SportsApplication.xcdatamodeld */; };
		B315D29C2FA9B413000A70D9 /* Assets.xcassets in Resources */ = {isa = PBXBuildFile; fileRef = B315D29B2FA9B413000A70D9 /* Assets.xcassets */; };
		B315D29F2FA9B413000A70D9 /* LaunchScreen.storyboard in Resources */ = {isa = PBXBuildFile; fileRef = B315D29D2FA9B413000A70D9 /* LaunchScreen.storyboard */; };
		B315D2AA2FA9B414000A70D9 /* SportsApplicationTests.swift in Sources */ = {isa = PBXBuildFile; fileRef = B315D2A92FA9B414000A70D9 /* SportsApplicationTests.swift */; };
		B315D2B42FA9B414000A70D9 /* SportsApplicationUITests.swift in Sources */ = {isa = PBXBuildFile; fileRef = B315D2B32FA9B414000A70D9 /* SportsApplicationUITests.swift */; };
		B315D2B62FA9B414000A70D9 /* SportsApplicationUITestsLaunchTests.swift in Sources */ = {isa = PBXBuildFile; fileRef = B315D2B52FA9B414000A70D9 /* SportsApplicationUITestsLaunchTests.swift */; };
		B32FB5992FB51B260066E189 /* Lottie in Frameworks */ = {isa = PBXBuildFile; productRef = B32FB5982FB51B260066E189 /* Lottie */; };
		B32FB59B2FB51B960066E189 /* SplashViewController.swift in Sources */ = {isa = PBXBuildFile; fileRef = B32FB59A2FB51B960066E189 /* SplashViewController.swift */; };
		B32FB59D2FB524900066E189 /* splash.json in Resources */ = {isa = PBXBuildFile; fileRef = B32FB59C2FB524900066E189 /* splash.json */; };
		B333E0632FB4C60E0091FD3D /* EmptyStateCell.swift in Sources */ = {isa = PBXBuildFile; fileRef = B333E0622FB4C60E0091FD3D /* EmptyStateCell.swift */; };
		B333E0662FB4CD380091FD3D /* SkeletonView in Frameworks */ = {isa = PBXBuildFile; productRef = B333E0652FB4CD380091FD3D /* SkeletonView */; };
		B333E0682FB4E1700091FD3D /* MainNavigation.swift in Sources */ = {isa = PBXBuildFile; fileRef = B333E0672FB4E1700091FD3D /* MainNavigation.swift */; };
		B3415DF02FAFDBD200780D9A /* CoreDataManager.swift in Sources */ = {isa = PBXBuildFile; fileRef = B3415DEF2FAFDBD200780D9A /* CoreDataManager.swift */; };
		B3415DF62FAFE2DA00780D9A /* FavouritesViewProtocol.swift in Sources */ = {isa = PBXBuildFile; fileRef = B3415DF52FAFE2DA00780D9A /* FavouritesViewProtocol.swift */; };
		B3415DF82FAFE3FC00780D9A /* FavouritesViewController.swift in Sources */ = {isa = PBXBuildFile; fileRef = B3415DF72FAFE3FC00780D9A /* FavouritesViewController.swift */; };
		B3415DFA2FAFE4E300780D9A /* FavouritesPresenterProtocol.swift in Sources */ = {isa = PBXBuildFile; fileRef = B3415DF92FAFE4E300780D9A /* FavouritesPresenterProtocol.swift */; };
		B3415DFC2FAFE56C00780D9A /* FavouritesPresenter.swift in Sources */ = {isa = PBXBuildFile; fileRef = B3415DFB2FAFE56C00780D9A /* FavouritesPresenter.swift */; };
		B3415E002FAFF5DC00780D9A /* LeagueTableViewCell.swift in Sources */ = {isa = PBXBuildFile; fileRef = B3415DFE2FAFF5DC00780D9A /* LeagueTableViewCell.swift */; };
		B3415E012FAFF5DC00780D9A /* LeagueTableViewCell.xib in Resources */ = {isa = PBXBuildFile; fileRef = B3415DFF2FAFF5DC00780D9A /* LeagueTableViewCell.xib */; };
		B3415E072FB000FF00780D9A /* NetworkMonitor.swift in Sources */ = {isa = PBXBuildFile; fileRef = B3415E062FB000FF00780D9A /* NetworkMonitor.swift */; };
		B3415E092FB0029200780D9A /* AppAlerts.swift in Sources */ = {isa = PBXBuildFile; fileRef = B3415E082FB0029200780D9A /* AppAlerts.swift */; };
		B377B3F62FB52E3100ACFDD1 /* darksplash.json in Resources */ = {isa = PBXBuildFile; fileRef = B377B3F52FB52E3000ACFDD1 /* darksplash.json */; };
		B37D5BF12FABC750006D897B /* LocalDataManager.swift in Sources */ = {isa = PBXBuildFile; fileRef = B37D5BF02FABC750006D897B /* LocalDataManager.swift */; };
		B37DFAFB2FB2A1F000E8BC16 /* LeagueDetailsPresneterProtocol.swift in Sources */ = {isa = PBXBuildFile; fileRef = B37DFAFA2FB2A1F000E8BC16 /* LeagueDetailsPresneterProtocol.swift */; };
		B37DFAFD2FB2A20600E8BC16 /* LeagueDetailsPresneter.swift in Sources */ = {isa = PBXBuildFile; fileRef = B37DFAFC2FB2A20600E8BC16 /* LeagueDetailsPresneter.swift */; };
		B37DFAFF2FB2A23000E8BC16 /* LeagueDetailsViewProtocol.swift in Sources */ = {isa = PBXBuildFile; fileRef = B37DFAFE2FB2A23000E8BC16 /* LeagueDetailsViewProtocol.swift */; };
		B37DFB032FB2A29D00E8BC16 /* LeagueDetailsCollectionViewController.swift in Sources */ = {isa = PBXBuildFile; fileRef = B37DFB022FB2A29D00E8BC16 /* LeagueDetailsCollectionViewController.swift */; };
		B37DFB052FB2A4CB00E8BC16 /* LeagueSection.swift in Sources */ = {isa = PBXBuildFile; fileRef = B37DFB042FB2A4CB00E8BC16 /* LeagueSection.swift */; };
		B37DFB072FB2B60F00E8BC16 /* SectionHeader.swift in Sources */ = {isa = PBXBuildFile; fileRef = B37DFB062FB2B60F00E8BC16 /* SectionHeader.swift */; };
		B37DFB0A2FB2CB5B00E8BC16 /* LeagueDetailsCollectionViewController+SectionLayout .swift in Sources */ = {isa = PBXBuildFile; fileRef = B37DFB092FB2CB5B00E8BC16 /* LeagueDetailsCollectionViewController+SectionLayout .swift */; };
		B37DFB0C2FB2CBF100E8BC16 /*  LeagueDetailsCollectionViewController+ProtocolConform.swift in Sources */ = {isa = PBXBuildFile; fileRef = B37DFB0B2FB2CBF100E8BC16 /*  LeagueDetailsCollectionViewController+ProtocolConform.swift */; };
		B39F42E22FB12F4100DDC340 /* AppComponents.swift in Sources */ = {isa = PBXBuildFile; fileRef = B39F42E12FB12F4100DDC340 /* AppComponents.swift */; };
		B39F42E62FB198DA00DDC340 /* LatestEventsCollectionViewCell.swift in Sources */ = {isa = PBXBuildFile; fileRef = B39F42E42FB198DA00DDC340 /* LatestEventsCollectionViewCell.swift */; };
		B39F42E72FB198DA00DDC340 /* LatestEventsCollectionViewCell.xib in Resources */ = {isa = PBXBuildFile; fileRef = B39F42E52FB198DA00DDC340 /* LatestEventsCollectionViewCell.xib */; };
		B39F42EA2FB1ACE200DDC340 /* TeamEventCollectionViewCell.swift in Sources */ = {isa = PBXBuildFile; fileRef = B39F42E82FB1ACE200DDC340 /* TeamEventCollectionViewCell.swift */; };
		B39F42EB2FB1ACE200DDC340 /* TeamEventCollectionViewCell.xib in Resources */ = {isa = PBXBuildFile; fileRef = B39F42E92FB1ACE200DDC340 /* TeamEventCollectionViewCell.xib */; };
		B3C796582FAB38B700CB12A1 /* OnboardingPageViewController.swift in Sources */ = {isa = PBXBuildFile; fileRef = B3C796572FAB38B700CB12A1 /* OnboardingPageViewController.swift */; };
		B3C7965A2FAB391100CB12A1 /* OnboardingPresenter.swift in Sources */ = {isa = PBXBuildFile; fileRef = B3C796592FAB391100CB12A1 /* OnboardingPresenter.swift */; };
		B3C7965C2FAB3BA500CB12A1 /* FirstOnboardingViewController.swift in Sources */ = {isa = PBXBuildFile; fileRef = B3C7965B2FAB3BA500CB12A1 /* FirstOnboardingViewController.swift */; };
		B3C7965E2FAB3BBB00CB12A1 /* SecondOnboardingViewController.swift in Sources */ = {isa = PBXBuildFile; fileRef = B3C7965D2FAB3BBB00CB12A1 /* SecondOnboardingViewController.swift */; };
		B3C796612FAB3ED400CB12A1 /* UIColor+Extensions.swift in Sources */ = {isa = PBXBuildFile; fileRef = B3C796602FAB3ED400CB12A1 /* UIColor+Extensions.swift */; };
		B3D2DAF22FACE96C0030E45A /* OnboardingViewProtocol.swift in Sources */ = {isa = PBXBuildFile; fileRef = B3D2DAF12FACE96C0030E45A /* OnboardingViewProtocol.swift */; };
		B3D2DAF52FACEA840030E45A /* OnboardingPresenterProtocol.swift in Sources */ = {isa = PBXBuildFile; fileRef = B3D2DAF42FACEA840030E45A /* OnboardingPresenterProtocol.swift */; };
/* End PBXBuildFile section */

/* Begin PBXContainerItemProxy section */
		B315D2A62FA9B413000A70D9 /* PBXContainerItemProxy */ = {
			isa = PBXContainerItemProxy;
			containerPortal = B315D2842FA9B412000A70D9 /* Project object */;
			proxyType = 1;
			remoteGlobalIDString = B315D28B2FA9B412000A70D9;
			remoteInfo = SportsApplication;
		};
		B315D2B02FA9B414000A70D9 /* PBXContainerItemProxy */ = {
			isa = PBXContainerItemProxy;
			containerPortal = B315D2842FA9B412000A70D9 /* Project object */;
			proxyType = 1;
			remoteGlobalIDString = B315D28B2FA9B412000A70D9;
			remoteInfo = SportsApplication;
		};
/* End PBXContainerItemProxy section */

/* Begin PBXFileReference section */
		411142A62FACB2C700268097 /* Mulish-ExtraBold.ttf */ = {isa = PBXFileReference; lastKnownFileType = file; path = "Mulish-ExtraBold.ttf"; sourceTree = "<group>"; };
		411142A72FACB2C800268097 /* Mulish-Light.ttf */ = {isa = PBXFileReference; lastKnownFileType = file; path = "Mulish-Light.ttf"; sourceTree = "<group>"; };
		411142A82FACB2C800268097 /* Mulish-SemiBold.ttf */ = {isa = PBXFileReference; lastKnownFileType = file; path = "Mulish-SemiBold.ttf"; sourceTree = "<group>"; };
		411142A92FACB2C800268097 /* Mulish-Bold.ttf */ = {isa = PBXFileReference; lastKnownFileType = file; path = "Mulish-Bold.ttf"; sourceTree = "<group>"; };
		411142AA2FACB2C900268097 /* Mulish-Regular.ttf */ = {isa = PBXFileReference; lastKnownFileType = file; path = "Mulish-Regular.ttf"; sourceTree = "<group>"; };
		411142AB2FACB2C900268097 /* Mulish-Medium.ttf */ = {isa = PBXFileReference; lastKnownFileType = file; path = "Mulish-Medium.ttf"; sourceTree = "<group>"; };
		411142B62FACEE5A00268097 /* HomeViewController+CollectionView.swift */ = {isa = PBXFileReference; fileEncoding = 4; lastKnownFileType = sourcecode.swift; path = "HomeViewController+CollectionView.swift"; sourceTree = "<group>"; };
		411142B82FACEE5A00268097 /* HomePresenterProtocol.swift */ = {isa = PBXFileReference; fileEncoding = 4; lastKnownFileType = sourcecode.swift; path = HomePresenterProtocol.swift; sourceTree = "<group>"; };
		411142B92FACEE5A00268097 /* HomePresenter.swift */ = {isa = PBXFileReference; fileEncoding = 4; lastKnownFileType = sourcecode.swift; path = HomePresenter.swift; sourceTree = "<group>"; };
		411142BB2FACEE5A00268097 /* Sport.swift */ = {isa = PBXFileReference; fileEncoding = 4; lastKnownFileType = sourcecode.swift; path = Sport.swift; sourceTree = "<group>"; };
		411142BE2FACEE5A00268097 /* HomeCollectionViewCell.swift */ = {isa = PBXFileReference; fileEncoding = 4; lastKnownFileType = sourcecode.swift; path = HomeCollectionViewCell.swift; sourceTree = "<group>"; };
		411142BF2FACEE5A00268097 /* HomeCollectionViewController.swift */ = {isa = PBXFileReference; fileEncoding = 4; lastKnownFileType = sourcecode.swift; path = HomeCollectionViewController.swift; sourceTree = "<group>"; };
		413B2BFF2FB495ED00DD5EF8 /* Coach.swift */ = {isa = PBXFileReference; lastKnownFileType = sourcecode.swift; path = Coach.swift; sourceTree = "<group>"; };
		413B2C012FB4969D00DD5EF8 /* Player.swift */ = {isa = PBXFileReference; lastKnownFileType = sourcecode.swift; path = Player.swift; sourceTree = "<group>"; };
		413B2C042FB496F300DD5EF8 /* PlayerType.swift */ = {isa = PBXFileReference; lastKnownFileType = sourcecode.swift; path = PlayerType.swift; sourceTree = "<group>"; };
		413B2C092FB4CE1900DD5EF8 /* AllLeaguesViewController+UISearchBarDelegate.swift */ = {isa = PBXFileReference; lastKnownFileType = sourcecode.swift; path = "AllLeaguesViewController+UISearchBarDelegate.swift"; sourceTree = "<group>"; };
		413B2C0B2FB4CE7400DD5EF8 /* AllLeaguesViewController+AllLeaguesViewControllerProtocol.swift */ = {isa = PBXFileReference; lastKnownFileType = sourcecode.swift; path = "AllLeaguesViewController+AllLeaguesViewControllerProtocol.swift"; sourceTree = "<group>"; };
		413B2C0D2FB4CF1300DD5EF8 /* AllLeaguesViewController+UITableViewDelegate.swift */ = {isa = PBXFileReference; lastKnownFileType = sourcecode.swift; path = "AllLeaguesViewController+UITableViewDelegate.swift"; sourceTree = "<group>"; };
		413B2C0F2FB4CF4400DD5EF8 /* AllLeaguesViewController+SkeletonTableViewDataSource.swift */ = {isa = PBXFileReference; lastKnownFileType = sourcecode.swift; path = "AllLeaguesViewController+SkeletonTableViewDataSource.swift"; sourceTree = "<group>"; };
		413B2C112FB4CF8700DD5EF8 /* AllLeaguesViewControllerProtocol.swift */ = {isa = PBXFileReference; lastKnownFileType = sourcecode.swift; path = AllLeaguesViewControllerProtocol.swift; sourceTree = "<group>"; };
		413B2C172FB4EFD500DD5EF8 /* Config.xcconfig */ = {isa = PBXFileReference; lastKnownFileType = text.xcconfig; path = Config.xcconfig; sourceTree = "<group>"; };
		414960542FB5380200B33A62 /* PlayerDetailsViewController.swift */ = {isa = PBXFileReference; lastKnownFileType = sourcecode.swift; path = PlayerDetailsViewController.swift; sourceTree = "<group>"; };
		414960562FB538CB00B33A62 /* PlayerInfoTableViewCell.swift */ = {isa = PBXFileReference; lastKnownFileType = sourcecode.swift; path = PlayerInfoTableViewCell.swift; sourceTree = "<group>"; };
		414960572FB538CB00B33A62 /* PlayerInfoTableViewCell.xib */ = {isa = PBXFileReference; lastKnownFileType = file.xib; path = PlayerInfoTableViewCell.xib; sourceTree = "<group>"; };
		41721CFF2FB119630054BA7B /* UpcomingCollectionViewCell.swift */ = {isa = PBXFileReference; lastKnownFileType = sourcecode.swift; path = UpcomingCollectionViewCell.swift; sourceTree = "<group>"; };
		41721D002FB119630054BA7B /* UpcomingCollectionViewCell.xib */ = {isa = PBXFileReference; lastKnownFileType = file.xib; path = UpcomingCollectionViewCell.xib; sourceTree = "<group>"; };
		41721D102FB223140054BA7B /* PlayerTableViewCell.swift */ = {isa = PBXFileReference; lastKnownFileType = sourcecode.swift; path = PlayerTableViewCell.swift; sourceTree = "<group>"; };
		41721D112FB223140054BA7B /* PlayerTableViewCell.xib */ = {isa = PBXFileReference; lastKnownFileType = file.xib; path = PlayerTableViewCell.xib; sourceTree = "<group>"; };
		41721D172FB22C720054BA7B /* TeamDetailsViewController.swift */ = {isa = PBXFileReference; lastKnownFileType = sourcecode.swift; path = TeamDetailsViewController.swift; sourceTree = "<group>"; };
		41721D1B2FB2593B0054BA7B /* TeamDetailsViewController+Extenstion.swift */ = {isa = PBXFileReference; lastKnownFileType = sourcecode.swift; path = "TeamDetailsViewController+Extenstion.swift"; sourceTree = "<group>"; };
		41721D1D2FB259810054BA7B /* TeamDetailsPresenterProtocol.swift */ = {isa = PBXFileReference; lastKnownFileType = sourcecode.swift; path = TeamDetailsPresenterProtocol.swift; sourceTree = "<group>"; };
		41721D1F2FB259930054BA7B /* TeamDetailsPresenter.swift */ = {isa = PBXFileReference; lastKnownFileType = sourcecode.swift; path = TeamDetailsPresenter.swift; sourceTree = "<group>"; };
		41721D212FB259DD0054BA7B /* TeamDetailsViewControllerProtocol.swift */ = {isa = PBXFileReference; lastKnownFileType = sourcecode.swift; path = TeamDetailsViewControllerProtocol.swift; sourceTree = "<group>"; };
		4183477E2FB27F0900F140EC /* LeagueDetailsCollectionViewController+TeamEventCellDelegate.swift */ = {isa = PBXFileReference; lastKnownFileType = sourcecode.swift; path = "LeagueDetailsCollectionViewController+TeamEventCellDelegate.swift"; sourceTree = "<group>"; };
		418347802FB3073C00F140EC /* Event.swift */ = {isa = PBXFileReference; lastKnownFileType = sourcecode.swift; path = Event.swift; sourceTree = "<group>"; };
		418347832FB3077C00F140EC /* FootballFixture.swift */ = {isa = PBXFileReference; lastKnownFileType = sourcecode.swift; path = FootballFixture.swift; sourceTree = "<group>"; };
		418347852FB307B300F140EC /* BasketballFixture.swift */ = {isa = PBXFileReference; lastKnownFileType = sourcecode.swift; path = BasketballFixture.swift; sourceTree = "<group>"; };
		418347872FB307CC00F140EC /* TennisFixture.swift */ = {isa = PBXFileReference; lastKnownFileType = sourcecode.swift; path = TennisFixture.swift; sourceTree = "<group>"; };
		418347892FB307E600F140EC /* CricketFixture.swift */ = {isa = PBXFileReference; lastKnownFileType = sourcecode.swift; path = CricketFixture.swift; sourceTree = "<group>"; };
		4183478C2FB30AEC00F140EC /* NetworkService+Fixtures.swift */ = {isa = PBXFileReference; lastKnownFileType = sourcecode.swift; path = "NetworkService+Fixtures.swift"; sourceTree = "<group>"; };
		418347CC2FB33E3400F140EC /* Team.swift */ = {isa = PBXFileReference; lastKnownFileType = sourcecode.swift; path = Team.swift; sourceTree = "<group>"; };
		4186CEDB2FAD1CD00045F230 /* League.swift */ = {isa = PBXFileReference; lastKnownFileType = sourcecode.swift; path = League.swift; sourceTree = "<group>"; };
		41C9E4C42FAFCF80003E455E /* AllLeaguesViewController.swift */ = {isa = PBXFileReference; lastKnownFileType = sourcecode.swift; path = AllLeaguesViewController.swift; sourceTree = "<group>"; };
		41C9E4C62FAFD086003E455E /* AllLeaguesPresenter.swift */ = {isa = PBXFileReference; lastKnownFileType = sourcecode.swift; path = AllLeaguesPresenter.swift; sourceTree = "<group>"; };
		41C9E4C92FAFD0F0003E455E /* Constants.swift */ = {isa = PBXFileReference; lastKnownFileType = sourcecode.swift; path = Constants.swift; sourceTree = "<group>"; };
		41C9E4CC2FAFD157003E455E /* SportType.swift */ = {isa = PBXFileReference; lastKnownFileType = sourcecode.swift; path = SportType.swift; sourceTree = "<group>"; };
		41C9E4CE2FAFD16E003E455E /* NetworkProtocol.swift */ = {isa = PBXFileReference; lastKnownFileType = sourcecode.swift; path = NetworkProtocol.swift; sourceTree = "<group>"; };
		41C9E4D32FAFD201003E455E /* NetworkService.swift */ = {isa = PBXFileReference; lastKnownFileType = sourcecode.swift; path = NetworkService.swift; sourceTree = "<group>"; };
		41C9E4D62FAFD2A0003E455E /* NetworkProtocol+Leagues.swift */ = {isa = PBXFileReference; lastKnownFileType = sourcecode.swift; path = "NetworkProtocol+Leagues.swift"; sourceTree = "<group>"; };
		41C9E4D92FAFD310003E455E /* LeagueResponse.swift */ = {isa = PBXFileReference; lastKnownFileType = sourcecode.swift; path = LeagueResponse.swift; sourceTree = "<group>"; };
		41C9E4DB2FAFE0BB003E455E /* LeagueHeaderView.swift */ = {isa = PBXFileReference; lastKnownFileType = sourcecode.swift; path = LeagueHeaderView.swift; sourceTree = "<group>"; };
		41D3164C2FB53FBC00922FA3 /* PlayerDetailsPresenter.swift */ = {isa = PBXFileReference; lastKnownFileType = sourcecode.swift; path = PlayerDetailsPresenter.swift; sourceTree = "<group>"; };
		B315D28C2FA9B412000A70D9 /* SportsApplication.app */ = {isa = PBXFileReference; explicitFileType = wrapper.application; includeInIndex = 0; path = SportsApplication.app; sourceTree = BUILT_PRODUCTS_DIR; };
		B315D28F2FA9B412000A70D9 /* AppDelegate.swift */ = {isa = PBXFileReference; lastKnownFileType = sourcecode.swift; path = AppDelegate.swift; sourceTree = "<group>"; };
		B315D2912FA9B412000A70D9 /* SceneDelegate.swift */ = {isa = PBXFileReference; lastKnownFileType = sourcecode.swift; path = SceneDelegate.swift; sourceTree = "<group>"; };
		B315D2962FA9B412000A70D9 /* Base */ = {isa = PBXFileReference; lastKnownFileType = file.storyboard; name = Base; path = Base.lproj/Main.storyboard; sourceTree = "<group>"; };
		B315D2992FA9B412000A70D9 /* SportsApplication.xcdatamodel */ = {isa = PBXFileReference; lastKnownFileType = wrapper.xcdatamodel; path = SportsApplication.xcdatamodel; sourceTree = "<group>"; };
		B315D29B2FA9B413000A70D9 /* Assets.xcassets */ = {isa = PBXFileReference; lastKnownFileType = folder.assetcatalog; path = Assets.xcassets; sourceTree = "<group>"; };
		B315D29E2FA9B413000A70D9 /* Base */ = {isa = PBXFileReference; lastKnownFileType = file.storyboard; name = Base; path = Base.lproj/LaunchScreen.storyboard; sourceTree = "<group>"; };
		B315D2A02FA9B413000A70D9 /* Info.plist */ = {isa = PBXFileReference; lastKnownFileType = text.plist.xml; path = Info.plist; sourceTree = "<group>"; };
		B315D2A52FA9B413000A70D9 /* SportsApplicationTests.xctest */ = {isa = PBXFileReference; explicitFileType = wrapper.cfbundle; includeInIndex = 0; path = SportsApplicationTests.xctest; sourceTree = BUILT_PRODUCTS_DIR; };
		B315D2A92FA9B414000A70D9 /* SportsApplicationTests.swift */ = {isa = PBXFileReference; lastKnownFileType = sourcecode.swift; path = SportsApplicationTests.swift; sourceTree = "<group>"; };
		B315D2AF2FA9B414000A70D9 /* SportsApplicationUITests.xctest */ = {isa = PBXFileReference; explicitFileType = wrapper.cfbundle; includeInIndex = 0; path = SportsApplicationUITests.xctest; sourceTree = BUILT_PRODUCTS_DIR; };
		B315D2B32FA9B414000A70D9 /* SportsApplicationUITests.swift */ = {isa = PBXFileReference; lastKnownFileType = sourcecode.swift; path = SportsApplicationUITests.swift; sourceTree = "<group>"; };
		B315D2B52FA9B414000A70D9 /* SportsApplicationUITestsLaunchTests.swift */ = {isa = PBXFileReference; lastKnownFileType = sourcecode.swift; path = SportsApplicationUITestsLaunchTests.swift; sourceTree = "<group>"; };
		B32FB59A2FB51B960066E189 /* SplashViewController.swift */ = {isa = PBXFileReference; lastKnownFileType = sourcecode.swift; path = SplashViewController.swift; sourceTree = "<group>"; };
		B32FB59C2FB524900066E189 /* splash.json */ = {isa = PBXFileReference; fileEncoding = 4; lastKnownFileType = text.json; path = splash.json; sourceTree = "<group>"; };
		B333E0622FB4C60E0091FD3D /* EmptyStateCell.swift */ = {isa = PBXFileReference; lastKnownFileType = sourcecode.swift; path = EmptyStateCell.swift; sourceTree = "<group>"; };
		B333E0672FB4E1700091FD3D /* MainNavigation.swift */ = {isa = PBXFileReference; lastKnownFileType = sourcecode.swift; path = MainNavigation.swift; sourceTree = "<group>"; };
		B3415DEF2FAFDBD200780D9A /* CoreDataManager.swift */ = {isa = PBXFileReference; lastKnownFileType = sourcecode.swift; path = CoreDataManager.swift; sourceTree = "<group>"; };
		B3415DF52FAFE2DA00780D9A /* FavouritesViewProtocol.swift */ = {isa = PBXFileReference; lastKnownFileType = sourcecode.swift; path = FavouritesViewProtocol.swift; sourceTree = "<group>"; };
		B3415DF72FAFE3FC00780D9A /* FavouritesViewController.swift */ = {isa = PBXFileReference; lastKnownFileType = sourcecode.swift; path = FavouritesViewController.swift; sourceTree = "<group>"; };
		B3415DF92FAFE4E300780D9A /* FavouritesPresenterProtocol.swift */ = {isa = PBXFileReference; lastKnownFileType = sourcecode.swift; path = FavouritesPresenterProtocol.swift; sourceTree = "<group>"; };
		B3415DFB2FAFE56C00780D9A /* FavouritesPresenter.swift */ = {isa = PBXFileReference; lastKnownFileType = sourcecode.swift; path = FavouritesPresenter.swift; sourceTree = "<group>"; };
		B3415DFE2FAFF5DC00780D9A /* LeagueTableViewCell.swift */ = {isa = PBXFileReference; fileEncoding = 4; lastKnownFileType = sourcecode.swift; path = LeagueTableViewCell.swift; sourceTree = "<group>"; };
		B3415DFF2FAFF5DC00780D9A /* LeagueTableViewCell.xib */ = {isa = PBXFileReference; fileEncoding = 4; lastKnownFileType = file.xib; path = LeagueTableViewCell.xib; sourceTree = "<group>"; };
		B3415E062FB000FF00780D9A /* NetworkMonitor.swift */ = {isa = PBXFileReference; lastKnownFileType = sourcecode.swift; path = NetworkMonitor.swift; sourceTree = "<group>"; };
		B3415E082FB0029200780D9A /* AppAlerts.swift */ = {isa = PBXFileReference; lastKnownFileType = sourcecode.swift; path = AppAlerts.swift; sourceTree = "<group>"; };
		B377B3F52FB52E3000ACFDD1 /* darksplash.json */ = {isa = PBXFileReference; fileEncoding = 4; lastKnownFileType = text.json; path = darksplash.json; sourceTree = "<group>"; };
		B37D5BF02FABC750006D897B /* LocalDataManager.swift */ = {isa = PBXFileReference; lastKnownFileType = sourcecode.swift; path = LocalDataManager.swift; sourceTree = "<group>"; };
		B37DFAFA2FB2A1F000E8BC16 /* LeagueDetailsPresneterProtocol.swift */ = {isa = PBXFileReference; lastKnownFileType = sourcecode.swift; path = LeagueDetailsPresneterProtocol.swift; sourceTree = "<group>"; };
		B37DFAFC2FB2A20600E8BC16 /* LeagueDetailsPresneter.swift */ = {isa = PBXFileReference; lastKnownFileType = sourcecode.swift; path = LeagueDetailsPresneter.swift; sourceTree = "<group>"; };
		B37DFAFE2FB2A23000E8BC16 /* LeagueDetailsViewProtocol.swift */ = {isa = PBXFileReference; lastKnownFileType = sourcecode.swift; path = LeagueDetailsViewProtocol.swift; sourceTree = "<group>"; };
		B37DFB022FB2A29D00E8BC16 /* LeagueDetailsCollectionViewController.swift */ = {isa = PBXFileReference; lastKnownFileType = sourcecode.swift; path = LeagueDetailsCollectionViewController.swift; sourceTree = "<group>"; };
		B37DFB042FB2A4CB00E8BC16 /* LeagueSection.swift */ = {isa = PBXFileReference; lastKnownFileType = sourcecode.swift; path = LeagueSection.swift; sourceTree = "<group>"; };
		B37DFB062FB2B60F00E8BC16 /* SectionHeader.swift */ = {isa = PBXFileReference; lastKnownFileType = sourcecode.swift; path = SectionHeader.swift; sourceTree = "<group>"; };
		B37DFB092FB2CB5B00E8BC16 /* LeagueDetailsCollectionViewController+SectionLayout .swift */ = {isa = PBXFileReference; lastKnownFileType = sourcecode.swift; path = "LeagueDetailsCollectionViewController+SectionLayout .swift"; sourceTree = "<group>"; };
		B37DFB0B2FB2CBF100E8BC16 /*  LeagueDetailsCollectionViewController+ProtocolConform.swift */ = {isa = PBXFileReference; lastKnownFileType = sourcecode.swift; path = " LeagueDetailsCollectionViewController+ProtocolConform.swift"; sourceTree = "<group>"; };
		B39F42E12FB12F4100DDC340 /* AppComponents.swift */ = {isa = PBXFileReference; lastKnownFileType = sourcecode.swift; path = AppComponents.swift; sourceTree = "<group>"; };
		B39F42E42FB198DA00DDC340 /* LatestEventsCollectionViewCell.swift */ = {isa = PBXFileReference; lastKnownFileType = sourcecode.swift; path = LatestEventsCollectionViewCell.swift; sourceTree = "<group>"; };
		B39F42E52FB198DA00DDC340 /* LatestEventsCollectionViewCell.xib */ = {isa = PBXFileReference; lastKnownFileType = file.xib; path = LatestEventsCollectionViewCell.xib; sourceTree = "<group>"; };
		B39F42E82FB1ACE200DDC340 /* TeamEventCollectionViewCell.swift */ = {isa = PBXFileReference; lastKnownFileType = sourcecode.swift; path = TeamEventCollectionViewCell.swift; sourceTree = "<group>"; };
		B39F42E92FB1ACE200DDC340 /* TeamEventCollectionViewCell.xib */ = {isa = PBXFileReference; lastKnownFileType = file.xib; path = TeamEventCollectionViewCell.xib; sourceTree = "<group>"; };
		B3C796572FAB38B700CB12A1 /* OnboardingPageViewController.swift */ = {isa = PBXFileReference; lastKnownFileType = sourcecode.swift; path = OnboardingPageViewController.swift; sourceTree = "<group>"; };
		B3C796592FAB391100CB12A1 /* OnboardingPresenter.swift */ = {isa = PBXFileReference; lastKnownFileType = sourcecode.swift; path = OnboardingPresenter.swift; sourceTree = "<group>"; };
		B3C7965B2FAB3BA500CB12A1 /* FirstOnboardingViewController.swift */ = {isa = PBXFileReference; lastKnownFileType = sourcecode.swift; path = FirstOnboardingViewController.swift; sourceTree = "<group>"; };
		B3C7965D2FAB3BBB00CB12A1 /* SecondOnboardingViewController.swift */ = {isa = PBXFileReference; lastKnownFileType = sourcecode.swift; path = SecondOnboardingViewController.swift; sourceTree = "<group>"; };
		B3C796602FAB3ED400CB12A1 /* UIColor+Extensions.swift */ = {isa = PBXFileReference; lastKnownFileType = sourcecode.swift; path = "UIColor+Extensions.swift"; sourceTree = "<group>"; };
		B3D2DAF12FACE96C0030E45A /* OnboardingViewProtocol.swift */ = {isa = PBXFileReference; lastKnownFileType = sourcecode.swift; path = OnboardingViewProtocol.swift; sourceTree = "<group>"; };
		B3D2DAF42FACEA840030E45A /* OnboardingPresenterProtocol.swift */ = {isa = PBXFileReference; lastKnownFileType = sourcecode.swift; path = OnboardingPresenterProtocol.swift; sourceTree = "<group>"; };
/* End PBXFileReference section */

/* Begin PBXFrameworksBuildPhase section */
		B315D2892FA9B412000A70D9 /* Frameworks */ = {
			isa = PBXFrameworksBuildPhase;
			buildActionMask = 2147483647;
			files = (
				41C9E4DF2FAFE2AF003E455E /* Kingfisher in Frameworks */,
				B333E0662FB4CD380091FD3D /* SkeletonView in Frameworks */,
				41C9E4D22FAFD1D8003E455E /* Alamofire in Frameworks */,
				B32FB5992FB51B260066E189 /* Lottie in Frameworks */,
			);
			runOnlyForDeploymentPostprocessing = 0;
		};
		B315D2A22FA9B413000A70D9 /* Frameworks */ = {
			isa = PBXFrameworksBuildPhase;
			buildActionMask = 2147483647;
			files = (
			);
			runOnlyForDeploymentPostprocessing = 0;
		};
		B315D2AC2FA9B414000A70D9 /* Frameworks */ = {
			isa = PBXFrameworksBuildPhase;
			buildActionMask = 2147483647;
			files = (
			);
			runOnlyForDeploymentPostprocessing = 0;
		};
/* End PBXFrameworksBuildPhase section */

/* Begin PBXGroup section */
		411142A42FACB21F00268097 /* Fonts */ = {
			isa = PBXGroup;
			children = (
				411142A92FACB2C800268097 /* Mulish-Bold.ttf */,
				411142A62FACB2C700268097 /* Mulish-ExtraBold.ttf */,
				411142A72FACB2C800268097 /* Mulish-Light.ttf */,
				411142AB2FACB2C900268097 /* Mulish-Medium.ttf */,
				411142AA2FACB2C900268097 /* Mulish-Regular.ttf */,
				411142A82FACB2C800268097 /* Mulish-SemiBold.ttf */,
			);
			path = Fonts;
			sourceTree = "<group>";
		};
		411142B42FACEE5A00268097 /* Home */ = {
			isa = PBXGroup;
			children = (
				411142B52FACEE5A00268097 /* Extension */,
				411142B72FACEE5A00268097 /* Presenter */,
				411142BA2FACEE5A00268097 /* Model */,
				411142BC2FACEE5A00268097 /* View */,
			);
			path = Home;
			sourceTree = "<group>";
		};
		411142B52FACEE5A00268097 /* Extension */ = {
			isa = PBXGroup;
			children = (
				411142B62FACEE5A00268097 /* HomeViewController+CollectionView.swift */,
			);
			path = Extension;
			sourceTree = "<group>";
		};
		411142B72FACEE5A00268097 /* Presenter */ = {
			isa = PBXGroup;
			children = (
				411142B82FACEE5A00268097 /* HomePresenterProtocol.swift */,
				411142B92FACEE5A00268097 /* HomePresenter.swift */,
			);
			path = Presenter;
			sourceTree = "<group>";
		};
		411142BA2FACEE5A00268097 /* Model */ = {
			isa = PBXGroup;
			children = (
				411142BB2FACEE5A00268097 /* Sport.swift */,
			);
			path = Model;
			sourceTree = "<group>";
		};
		411142BC2FACEE5A00268097 /* View */ = {
			isa = PBXGroup;
			children = (
				411142BD2FACEE5A00268097 /* Controller */,
			);
			path = View;
			sourceTree = "<group>";
		};
		411142BD2FACEE5A00268097 /* Controller */ = {
			isa = PBXGroup;
			children = (
				411142BE2FACEE5A00268097 /* HomeCollectionViewCell.swift */,
				411142BF2FACEE5A00268097 /* HomeCollectionViewController.swift */,
			);
			path = Controller;
			sourceTree = "<group>";
		};
		413B2C032FB496DB00DD5EF8 /* Enum */ = {
			isa = PBXGroup;
			children = (
				413B2C042FB496F300DD5EF8 /* PlayerType.swift */,
			);
			path = Enum;
			sourceTree = "<group>";
		};
		413B2C082FB4CE0200DD5EF8 /* Extenstions */ = {
			isa = PBXGroup;
			children = (
				413B2C092FB4CE1900DD5EF8 /* AllLeaguesViewController+UISearchBarDelegate.swift */,
				413B2C0B2FB4CE7400DD5EF8 /* AllLeaguesViewController+AllLeaguesViewControllerProtocol.swift */,
				413B2C0D2FB4CF1300DD5EF8 /* AllLeaguesViewController+UITableViewDelegate.swift */,
				413B2C0F2FB4CF4400DD5EF8 /* AllLeaguesViewController+SkeletonTableViewDataSource.swift */,
			);
			path = Extenstions;
			sourceTree = "<group>";
		};
		414960522FB5371A00B33A62 /* Player Details */ = {
			isa = PBXGroup;
			children = (
				41D3164B2FB53FA500922FA3 /* Presenter */,
				414960532FB537E100B33A62 /* View */,
			);
			path = "Player Details";
			sourceTree = "<group>";
		};
		414960532FB537E100B33A62 /* View */ = {
			isa = PBXGroup;
			children = (
				414960542FB5380200B33A62 /* PlayerDetailsViewController.swift */,
			);
			path = View;
			sourceTree = "<group>";
		};
		41721D142FB22C440054BA7B /* Team details */ = {
			isa = PBXGroup;
			children = (
				41721D162FB22C550054BA7B /* View */,
				41721D152FB22C4D0054BA7B /* Presenter */,
			);
			path = "Team details";
			sourceTree = "<group>";
		};
		41721D152FB22C4D0054BA7B /* Presenter */ = {
			isa = PBXGroup;
			children = (
				41721D1D2FB259810054BA7B /* TeamDetailsPresenterProtocol.swift */,
				41721D1F2FB259930054BA7B /* TeamDetailsPresenter.swift */,
			);
			path = Presenter;
			sourceTree = "<group>";
		};
		41721D162FB22C550054BA7B /* View */ = {
			isa = PBXGroup;
			children = (
				41721D192FB258FD0054BA7B /* Extenstions */,
				41721D172FB22C720054BA7B /* TeamDetailsViewController.swift */,
				41721D212FB259DD0054BA7B /* TeamDetailsViewControllerProtocol.swift */,
			);
			path = View;
			sourceTree = "<group>";
		};
		41721D192FB258FD0054BA7B /* Extenstions */ = {
			isa = PBXGroup;
			children = (
				41721D1B2FB2593B0054BA7B /* TeamDetailsViewController+Extenstion.swift */,
			);
			path = Extenstions;
			sourceTree = "<group>";
		};
		418347822FB3076D00F140EC /* Responses */ = {
			isa = PBXGroup;
			children = (
				418347832FB3077C00F140EC /* FootballFixture.swift */,
				418347852FB307B300F140EC /* BasketballFixture.swift */,
				418347872FB307CC00F140EC /* TennisFixture.swift */,
				418347892FB307E600F140EC /* CricketFixture.swift */,
			);
			path = Responses;
			sourceTree = "<group>";
		};
		4183478B2FB30ADD00F140EC /* Extenstion */ = {
			isa = PBXGroup;
			children = (
				4183478C2FB30AEC00F140EC /* NetworkService+Fixtures.swift */,
			);
			path = Extenstion;
			sourceTree = "<group>";
		};
		4186CEDD2FAD1CD70045F230 /* Entities */ = {
			isa = PBXGroup;
			children = (
				418347822FB3076D00F140EC /* Responses */,
				4186CEDB2FAD1CD00045F230 /* League.swift */,
				418347802FB3073C00F140EC /* Event.swift */,
				418347CC2FB33E3400F140EC /* Team.swift */,
				413B2BFF2FB495ED00DD5EF8 /* Coach.swift */,
				413B2C012FB4969D00DD5EF8 /* Player.swift */,
			);
			path = Entities;
			sourceTree = "<group>";
		};
		41C9E4C02FAFCF1B003E455E /* Leagues */ = {
			isa = PBXGroup;
			children = (
				41C9E4D82FAFD2FA003E455E /* Entities */,
				41C9E4D52FAFD291003E455E /* Extenstion */,
				41C9E4C32FAFCF60003E455E /* Presenter */,
				41C9E4C12FAFCF48003E455E /* View */,
			);
			path = Leagues;
			sourceTree = "<group>";
		};
		41C9E4C12FAFCF48003E455E /* View */ = {
			isa = PBXGroup;
			children = (
				413B2C082FB4CE0200DD5EF8 /* Extenstions */,
				41C9E4C22FAFCF54003E455E /* Controller */,
				41C9E4DB2FAFE0BB003E455E /* LeagueHeaderView.swift */,
			);
			path = View;
			sourceTree = "<group>";
		};
		41C9E4C22FAFCF54003E455E /* Controller */ = {
			isa = PBXGroup;
			children = (
				41C9E4C42FAFCF80003E455E /* AllLeaguesViewController.swift */,
				413B2C112FB4CF8700DD5EF8 /* AllLeaguesViewControllerProtocol.swift */,
			);
			path = Controller;
			sourceTree = "<group>";
		};
		41C9E4C32FAFCF60003E455E /* Presenter */ = {
			isa = PBXGroup;
			children = (
				41C9E4C62FAFD086003E455E /* AllLeaguesPresenter.swift */,
			);
			path = Presenter;
			sourceTree = "<group>";
		};
		41C9E4C82FAFD0D5003E455E /* Networking */ = {
			isa = PBXGroup;
			children = (
				4183478B2FB30ADD00F140EC /* Extenstion */,
				41C9E4CE2FAFD16E003E455E /* NetworkProtocol.swift */,
				41C9E4D32FAFD201003E455E /* NetworkService.swift */,
			);
			path = Networking;
			sourceTree = "<group>";
		};
		41C9E4CB2FAFD148003E455E /* Enum */ = {
			isa = PBXGroup;
			children = (
				41C9E4CC2FAFD157003E455E /* SportType.swift */,
			);
			path = Enum;
			sourceTree = "<group>";
		};
		41C9E4D52FAFD291003E455E /* Extenstion */ = {
			isa = PBXGroup;
			children = (
				41C9E4D62FAFD2A0003E455E /* NetworkProtocol+Leagues.swift */,
			);
			path = Extenstion;
			sourceTree = "<group>";
		};
		41C9E4D82FAFD2FA003E455E /* Entities */ = {
			isa = PBXGroup;
			children = (
				41C9E4D92FAFD310003E455E /* LeagueResponse.swift */,
			);
			path = Entities;
			sourceTree = "<group>";
		};
		41D3164B2FB53FA500922FA3 /* Presenter */ = {
			isa = PBXGroup;
			children = (
				41D3164C2FB53FBC00922FA3 /* PlayerDetailsPresenter.swift */,
			);
			path = Presenter;
			sourceTree = "<group>";
		};
		B315D2832FA9B412000A70D9 = {
			isa = PBXGroup;
			children = (
				B315D28E2FA9B412000A70D9 /* SportsApplication */,
				B315D2A82FA9B414000A70D9 /* SportsApplicationTests */,
				B315D2B22FA9B414000A70D9 /* SportsApplicationUITests */,
				B315D28D2FA9B412000A70D9 /* Products */,
			);
			sourceTree = "<group>";
		};
		B315D28D2FA9B412000A70D9 /* Products */ = {
			isa = PBXGroup;
			children = (
				B315D28C2FA9B412000A70D9 /* SportsApplication.app */,
				B315D2A52FA9B413000A70D9 /* SportsApplicationTests.xctest */,
				B315D2AF2FA9B414000A70D9 /* SportsApplicationUITests.xctest */,
			);
			name = Products;
			sourceTree = "<group>";
		};
		B315D28E2FA9B412000A70D9 /* SportsApplication */ = {
			isa = PBXGroup;
			children = (
				41C9E4CB2FAFD148003E455E /* Enum */,
				B315D29B2FA9B413000A70D9 /* Assets.xcassets */,
				B315D2A02FA9B413000A70D9 /* Info.plist */,
				B315D2982FA9B412000A70D9 /* SportsApplication.xcdatamodeld */,
				B3C7965F2FAB3E4300CB12A1 /* Extenstions */,
				B3C7964F2FAB21A300CB12A1 /* View */,
				B3C7964E2FAB216900CB12A1 /* Modules */,
				B3C7964D2FAB20FE00CB12A1 /* Model */,
				B315D28F2FA9B412000A70D9 /* AppDelegate.swift */,
				B315D2912FA9B412000A70D9 /* SceneDelegate.swift */,
				41C9E4C92FAFD0F0003E455E /* Constants.swift */,
				413B2C172FB4EFD500DD5EF8 /* Config.xcconfig */,
			);
			path = SportsApplication;
			sourceTree = "<group>";
		};
		B315D2A82FA9B414000A70D9 /* SportsApplicationTests */ = {
			isa = PBXGroup;
			children = (
				B315D2A92FA9B414000A70D9 /* SportsApplicationTests.swift */,
			);
			path = SportsApplicationTests;
			sourceTree = "<group>";
		};
		B315D2B22FA9B414000A70D9 /* SportsApplicationUITests */ = {
			isa = PBXGroup;
			children = (
				B315D2B32FA9B414000A70D9 /* SportsApplicationUITests.swift */,
				B315D2B52FA9B414000A70D9 /* SportsApplicationUITestsLaunchTests.swift */,
			);
			path = SportsApplicationUITests;
			sourceTree = "<group>";
		};
		B32FB5952FB511DE0066E189 /* Splash */ = {
			isa = PBXGroup;
			children = (
				B32FB5962FB511EB0066E189 /* View */,
			);
			path = Splash;
			sourceTree = "<group>";
		};
		B32FB5962FB511EB0066E189 /* View */ = {
			isa = PBXGroup;
			children = (
				B377B3F52FB52E3000ACFDD1 /* darksplash.json */,
				B32FB59C2FB524900066E189 /* splash.json */,
				B32FB59A2FB51B960066E189 /* SplashViewController.swift */,
			);
			path = View;
			sourceTree = "<group>";
		};
		B3415DF22FAFDF9800780D9A /* Favourites */ = {
			isa = PBXGroup;
			children = (
				B3415DF42FAFDFAF00780D9A /* Presenter */,
				B3415DF32FAFDFA900780D9A /* View */,
			);
			path = Favourites;
			sourceTree = "<group>";
		};
		B3415DF32FAFDFA900780D9A /* View */ = {
			isa = PBXGroup;
			children = (
				B3415DF52FAFE2DA00780D9A /* FavouritesViewProtocol.swift */,
				B3415DF72FAFE3FC00780D9A /* FavouritesViewController.swift */,
			);
			path = View;
			sourceTree = "<group>";
		};
		B3415DF42FAFDFAF00780D9A /* Presenter */ = {
			isa = PBXGroup;
			children = (
				B3415DF92FAFE4E300780D9A /* FavouritesPresenterProtocol.swift */,
				B3415DFB2FAFE56C00780D9A /* FavouritesPresenter.swift */,
			);
			path = Presenter;
			sourceTree = "<group>";
		};
		B3415DFD2FAFF5DC00780D9A /* Cell */ = {
			isa = PBXGroup;
			children = (
				B3415DFE2FAFF5DC00780D9A /* LeagueTableViewCell.swift */,
				B3415DFF2FAFF5DC00780D9A /* LeagueTableViewCell.xib */,
				41721D102FB223140054BA7B /* PlayerTableViewCell.swift */,
				41721D112FB223140054BA7B /* PlayerTableViewCell.xib */,
				B39F42E42FB198DA00DDC340 /* LatestEventsCollectionViewCell.swift */,
				B39F42E52FB198DA00DDC340 /* LatestEventsCollectionViewCell.xib */,
				B39F42E82FB1ACE200DDC340 /* TeamEventCollectionViewCell.swift */,
				B39F42E92FB1ACE200DDC340 /* TeamEventCollectionViewCell.xib */,
				41721CFF2FB119630054BA7B /* UpcomingCollectionViewCell.swift */,
				41721D002FB119630054BA7B /* UpcomingCollectionViewCell.xib */,
				414960562FB538CB00B33A62 /* PlayerInfoTableViewCell.swift */,
				414960572FB538CB00B33A62 /* PlayerInfoTableViewCell.xib */,
			);
			path = Cell;
			sourceTree = "<group>";
		};
		B3415E052FB000E600780D9A /* remote  */ = {
			isa = PBXGroup;
			children = (
				B3415E062FB000FF00780D9A /* NetworkMonitor.swift */,
			);
			path = "remote ";
			sourceTree = "<group>";
		};
		B3415E0A2FB01C9F00780D9A /* utils  */ = {
			isa = PBXGroup;
			children = (
				B3415E082FB0029200780D9A /* AppAlerts.swift */,
				B39F42E12FB12F4100DDC340 /* AppComponents.swift */,
				B333E0672FB4E1700091FD3D /* MainNavigation.swift */,
			);
			path = "utils ";
			sourceTree = "<group>";
		};
		B37DFAF62FB2A14000E8BC16 /* LeagueDeteails */ = {
			isa = PBXGroup;
			children = (
				B37DFAF92FB2A1A100E8BC16 /* Model */,
				B37DFAF82FB2A18800E8BC16 /* View */,
				B37DFAF72FB2A17800E8BC16 /* Presenter */,
			);
			path = LeagueDeteails;
			sourceTree = "<group>";
		};
		B37DFAF72FB2A17800E8BC16 /* Presenter */ = {
			isa = PBXGroup;
			children = (
				B37DFAFA2FB2A1F000E8BC16 /* LeagueDetailsPresneterProtocol.swift */,
				B37DFAFC2FB2A20600E8BC16 /* LeagueDetailsPresneter.swift */,
			);
			path = Presenter;
			sourceTree = "<group>";
		};
		B37DFAF82FB2A18800E8BC16 /* View */ = {
			isa = PBXGroup;
			children = (
				B37DFB082FB2CAFD00E8BC16 /* Extenstions */,
				B37DFAFE2FB2A23000E8BC16 /* LeagueDetailsViewProtocol.swift */,
				B37DFB022FB2A29D00E8BC16 /* LeagueDetailsCollectionViewController.swift */,
				B37DFB062FB2B60F00E8BC16 /* SectionHeader.swift */,
				B333E0622FB4C60E0091FD3D /* EmptyStateCell.swift */,
			);
			path = View;
			sourceTree = "<group>";
		};
		B37DFAF92FB2A1A100E8BC16 /* Model */ = {
			isa = PBXGroup;
			children = (
				B37DFB042FB2A4CB00E8BC16 /* LeagueSection.swift */,
			);
			path = Model;
			sourceTree = "<group>";
		};
		B37DFB082FB2CAFD00E8BC16 /* Extenstions */ = {
			isa = PBXGroup;
			children = (
				B37DFB092FB2CB5B00E8BC16 /* LeagueDetailsCollectionViewController+SectionLayout .swift */,
				B37DFB0B2FB2CBF100E8BC16 /*  LeagueDetailsCollectionViewController+ProtocolConform.swift */,
				4183477E2FB27F0900F140EC /* LeagueDetailsCollectionViewController+TeamEventCellDelegate.swift */,
			);
			path = Extenstions;
			sourceTree = "<group>";
		};
		B3C7964D2FAB20FE00CB12A1 /* Model */ = {
			isa = PBXGroup;
			children = (
				413B2C032FB496DB00DD5EF8 /* Enum */,
				411142A42FACB21F00268097 /* Fonts */,
				B3C796532FAB222A00CB12A1 /* Services */,
				4186CEDD2FAD1CD70045F230 /* Entities */,
			);
			path = Model;
			sourceTree = "<group>";
		};
		B3C7964E2FAB216900CB12A1 /* Modules */ = {
			isa = PBXGroup;
			children = (
				414960522FB5371A00B33A62 /* Player Details */,
				B32FB5952FB511DE0066E189 /* Splash */,
				41721D142FB22C440054BA7B /* Team details */,
				B37DFAF62FB2A14000E8BC16 /* LeagueDeteails */,
				41C9E4C02FAFCF1B003E455E /* Leagues */,
				B3415DF22FAFDF9800780D9A /* Favourites */,
				411142B42FACEE5A00268097 /* Home */,
				B3C796502FAB21F000CB12A1 /* Onboarding */,
			);
			path = Modules;
			sourceTree = "<group>";
		};
		B3C7964F2FAB21A300CB12A1 /* View */ = {
			isa = PBXGroup;
			children = (
				B3415E0A2FB01C9F00780D9A /* utils  */,
				B3415DFD2FAFF5DC00780D9A /* Cell */,
				B315D29D2FA9B413000A70D9 /* LaunchScreen.storyboard */,
				B315D2952FA9B412000A70D9 /* Main.storyboard */,
			);
			path = View;
			sourceTree = "<group>";
		};
		B3C796502FAB21F000CB12A1 /* Onboarding */ = {
			isa = PBXGroup;
			children = (
				B3C796552FAB37C600CB12A1 /* View */,
				B3C796542FAB37AA00CB12A1 /* Presenter */,
			);
			path = Onboarding;
			sourceTree = "<group>";
		};
		B3C796532FAB222A00CB12A1 /* Services */ = {
			isa = PBXGroup;
			children = (
				41C9E4C82FAFD0D5003E455E /* Networking */,
				B3415E052FB000E600780D9A /* remote  */,
				B3D2DAF62FACEB380030E45A /* Local */,
			);
			path = Services;
			sourceTree = "<group>";
		};
		B3C796542FAB37AA00CB12A1 /* Presenter */ = {
			isa = PBXGroup;
			children = (
				B3C796592FAB391100CB12A1 /* OnboardingPresenter.swift */,
				B3D2DAF42FACEA840030E45A /* OnboardingPresenterProtocol.swift */,
			);
			path = Presenter;
			sourceTree = "<group>";
		};
		B3C796552FAB37C600CB12A1 /* View */ = {
			isa = PBXGroup;
			children = (
				B3C796572FAB38B700CB12A1 /* OnboardingPageViewController.swift */,
				B3C7965B2FAB3BA500CB12A1 /* FirstOnboardingViewController.swift */,
				B3C7965D2FAB3BBB00CB12A1 /* SecondOnboardingViewController.swift */,
				B3D2DAF12FACE96C0030E45A /* OnboardingViewProtocol.swift */,
			);
			path = View;
			sourceTree = "<group>";
		};
		B3C7965F2FAB3E4300CB12A1 /* Extenstions */ = {
			isa = PBXGroup;
			children = (
				B3C796602FAB3ED400CB12A1 /* UIColor+Extensions.swift */,
			);
			path = Extenstions;
			sourceTree = "<group>";
		};
		B3D2DAF62FACEB380030E45A /* Local */ = {
			isa = PBXGroup;
			children = (
				B37D5BF02FABC750006D897B /* LocalDataManager.swift */,
				B3415DEF2FAFDBD200780D9A /* CoreDataManager.swift */,
			);
			path = Local;
			sourceTree = "<group>";
		};
/* End PBXGroup section */

/* Begin PBXNativeTarget section */
		B315D28B2FA9B412000A70D9 /* SportsApplication */ = {
			isa = PBXNativeTarget;
			buildConfigurationList = B315D2B92FA9B414000A70D9 /* Build configuration list for PBXNativeTarget "SportsApplication" */;
			buildPhases = (
				B315D2882FA9B412000A70D9 /* Sources */,
				B315D2892FA9B412000A70D9 /* Frameworks */,
				B315D28A2FA9B412000A70D9 /* Resources */,
			);
			buildRules = (
			);
			dependencies = (
			);
			name = SportsApplication;
			packageProductDependencies = (
				41C9E4D12FAFD1D8003E455E /* Alamofire */,
				41C9E4DE2FAFE2AF003E455E /* Kingfisher */,
				B333E0652FB4CD380091FD3D /* SkeletonView */,
				B32FB5982FB51B260066E189 /* Lottie */,
			);
			productName = SportsApplication;
			productReference = B315D28C2FA9B412000A70D9 /* SportsApplication.app */;
			productType = "com.apple.product-type.application";
		};
		B315D2A42FA9B413000A70D9 /* SportsApplicationTests */ = {
			isa = PBXNativeTarget;
			buildConfigurationList = B315D2BC2FA9B414000A70D9 /* Build configuration list for PBXNativeTarget "SportsApplicationTests" */;
			buildPhases = (
				B315D2A12FA9B413000A70D9 /* Sources */,
				B315D2A22FA9B413000A70D9 /* Frameworks */,
				B315D2A32FA9B413000A70D9 /* Resources */,
			);
			buildRules = (
			);
			dependencies = (
				B315D2A72FA9B413000A70D9 /* PBXTargetDependency */,
			);
			name = SportsApplicationTests;
			productName = SportsApplicationTests;
			productReference = B315D2A52FA9B413000A70D9 /* SportsApplicationTests.xctest */;
			productType = "com.apple.product-type.bundle.unit-test";
		};
		B315D2AE2FA9B414000A70D9 /* SportsApplicationUITests */ = {
			isa = PBXNativeTarget;
			buildConfigurationList = B315D2BF2FA9B414000A70D9 /* Build configuration list for PBXNativeTarget "SportsApplicationUITests" */;
			buildPhases = (
				B315D2AB2FA9B414000A70D9 /* Sources */,
				B315D2AC2FA9B414000A70D9 /* Frameworks */,
				B315D2AD2FA9B414000A70D9 /* Resources */,
			);
			buildRules = (
			);
			dependencies = (
				B315D2B12FA9B414000A70D9 /* PBXTargetDependency */,
			);
			name = SportsApplicationUITests;
			productName = SportsApplicationUITests;
			productReference = B315D2AF2FA9B414000A70D9 /* SportsApplicationUITests.xctest */;
			productType = "com.apple.product-type.bundle.ui-testing";
		};
/* End PBXNativeTarget section */

/* Begin PBXProject section */
		B315D2842FA9B412000A70D9 /* Project object */ = {
			isa = PBXProject;
			attributes = {
				BuildIndependentTargetsInParallel = 1;
				LastSwiftUpdateCheck = 1320;
				LastUpgradeCheck = 1320;
				TargetAttributes = {
					B315D28B2FA9B412000A70D9 = {
						CreatedOnToolsVersion = 13.2.1;
					};
					B315D2A42FA9B413000A70D9 = {
						CreatedOnToolsVersion = 13.2.1;
						TestTargetID = B315D28B2FA9B412000A70D9;
					};
					B315D2AE2FA9B414000A70D9 = {
						CreatedOnToolsVersion = 13.2.1;
						TestTargetID = B315D28B2FA9B412000A70D9;
					};
				};
			};
			buildConfigurationList = B315D2872FA9B412000A70D9 /* Build configuration list for PBXProject "SportsApplication" */;
			compatibilityVersion = "Xcode 13.0";
			developmentRegion = en;
			hasScannedForEncodings = 0;
			knownRegions = (
				en,
				Base,
			);
			mainGroup = B315D2832FA9B412000A70D9;
			packageReferences = (
				41C9E4D02FAFD1D8003E455E /* XCRemoteSwiftPackageReference "Alamofire" */,
				41C9E4DD2FAFE2AF003E455E /* XCRemoteSwiftPackageReference "kingfisher" */,
				B333E0642FB4CD380091FD3D /* XCRemoteSwiftPackageReference "SkeletonView" */,
				B32FB5972FB51B260066E189 /* XCRemoteSwiftPackageReference "lottie-spm" */,
			);
			productRefGroup = B315D28D2FA9B412000A70D9 /* Products */;
			projectDirPath = "";
			projectRoot = "";
			targets = (
				B315D28B2FA9B412000A70D9 /* SportsApplication */,
				B315D2A42FA9B413000A70D9 /* SportsApplicationTests */,
				B315D2AE2FA9B414000A70D9 /* SportsApplicationUITests */,
			);
		};
/* End PBXProject section */

/* Begin PBXResourcesBuildPhase section */
		B315D28A2FA9B412000A70D9 /* Resources */ = {
			isa = PBXResourcesBuildPhase;
			buildActionMask = 2147483647;
			files = (
				41721D132FB223140054BA7B /* PlayerTableViewCell.xib in Resources */,
				B39F42EB2FB1ACE200DDC340 /* TeamEventCollectionViewCell.xib in Resources */,
				411142AD2FACB2C900268097 /* Mulish-ExtraBold.ttf in Resources */,
				411142AE2FACB2C900268097 /* Mulish-Light.ttf in Resources */,
				B377B3F62FB52E3100ACFDD1 /* darksplash.json in Resources */,
				B3415E012FAFF5DC00780D9A /* LeagueTableViewCell.xib in Resources */,
				411142B02FACB2C900268097 /* Mulish-Bold.ttf in Resources */,
				411142AF2FACB2C900268097 /* Mulish-SemiBold.ttf in Resources */,
				B315D29F2FA9B413000A70D9 /* LaunchScreen.storyboard in Resources */,
				411142B12FACB2C900268097 /* Mulish-Regular.ttf in Resources */,
				B32FB59D2FB524900066E189 /* splash.json in Resources */,
				411142B22FACB2C900268097 /* Mulish-Medium.ttf in Resources */,
				B315D29C2FA9B413000A70D9 /* Assets.xcassets in Resources */,
				B315D2972FA9B412000A70D9 /* Main.storyboard in Resources */,
				B39F42E72FB198DA00DDC340 /* LatestEventsCollectionViewCell.xib in Resources */,
				41721D022FB119630054BA7B /* UpcomingCollectionViewCell.xib in Resources */,
				414960592FB538CB00B33A62 /* PlayerInfoTableViewCell.xib in Resources */,
			);
			runOnlyForDeploymentPostprocessing = 0;
		};
		B315D2A32FA9B413000A70D9 /* Resources */ = {
			isa = PBXResourcesBuildPhase;
			buildActionMask = 2147483647;
			files = (
			);
			runOnlyForDeploymentPostprocessing = 0;
		};
		B315D2AD2FA9B414000A70D9 /* Resources */ = {
			isa = PBXResourcesBuildPhase;
			buildActionMask = 2147483647;
			files = (
			);
			runOnlyForDeploymentPostprocessing = 0;
		};
/* End PBXResourcesBuildPhase section */

/* Begin PBXSourcesBuildPhase section */
		B315D2882FA9B412000A70D9 /* Sources */ = {
			isa = PBXSourcesBuildPhase;
			buildActionMask = 2147483647;
			files = (
				4183478D2FB30AEC00F140EC /* NetworkService+Fixtures.swift in Sources */,
				B3415DF62FAFE2DA00780D9A /* FavouritesViewProtocol.swift in Sources */,
				B3D2DAF22FACE96C0030E45A /* OnboardingViewProtocol.swift in Sources */,
				41C9E4CF2FAFD16E003E455E /* NetworkProtocol.swift in Sources */,
				413B2C002FB495ED00DD5EF8 /* Coach.swift in Sources */,
				B3C796612FAB3ED400CB12A1 /* UIColor+Extensions.swift in Sources */,
				B3415DFC2FAFE56C00780D9A /* FavouritesPresenter.swift in Sources */,
				411142C32FACEE5B00268097 /* HomePresenterProtocol.swift in Sources */,
				B37DFAFF2FB2A23000E8BC16 /* LeagueDetailsViewProtocol.swift in Sources */,
				B39F42EA2FB1ACE200DDC340 /* TeamEventCollectionViewCell.swift in Sources */,
				41D3164D2FB53FBC00922FA3 /* PlayerDetailsPresenter.swift in Sources */,
				B3415DF02FAFDBD200780D9A /* CoreDataManager.swift in Sources */,
				418347CD2FB33E3400F140EC /* Team.swift in Sources */,
				B37DFB032FB2A29D00E8BC16 /* LeagueDetailsCollectionViewController.swift in Sources */,
				41721D012FB119630054BA7B /* UpcomingCollectionViewCell.swift in Sources */,
				B37DFB0A2FB2CB5B00E8BC16 /* LeagueDetailsCollectionViewController+SectionLayout .swift in Sources */,
				B315D29A2FA9B412000A70D9 /* SportsApplication.xcdatamodeld in Sources */,
				413B2C052FB496F300DD5EF8 /* PlayerType.swift in Sources */,
				B37DFAFB2FB2A1F000E8BC16 /* LeagueDetailsPresneterProtocol.swift in Sources */,
				418347882FB307CC00F140EC /* TennisFixture.swift in Sources */,
				413B2C022FB4969D00DD5EF8 /* Player.swift in Sources */,
				41C9E4C72FAFD086003E455E /* AllLeaguesPresenter.swift in Sources */,
				41C9E4D72FAFD2A0003E455E /* NetworkProtocol+Leagues.swift in Sources */,
				41721D1C2FB2593B0054BA7B /* TeamDetailsViewController+Extenstion.swift in Sources */,
				41C9E4CA2FAFD0F0003E455E /* Constants.swift in Sources */,
				B333E0682FB4E1700091FD3D /* MainNavigation.swift in Sources */,
				418347842FB3077C00F140EC /* FootballFixture.swift in Sources */,
				B39F42E22FB12F4100DDC340 /* AppComponents.swift in Sources */,
				B39F42E62FB198DA00DDC340 /* LatestEventsCollectionViewCell.swift in Sources */,
				B37D5BF12FABC750006D897B /* LocalDataManager.swift in Sources */,
				41C9E4D42FAFD201003E455E /* NetworkService.swift in Sources */,
				411142C02FACEE5A00268097 /* HomeViewController+CollectionView.swift in Sources */,
				413B2C0C2FB4CE7400DD5EF8 /* AllLeaguesViewController+AllLeaguesViewControllerProtocol.swift in Sources */,
				B3415DFA2FAFE4E300780D9A /* FavouritesPresenterProtocol.swift in Sources */,
				B3415E092FB0029200780D9A /* AppAlerts.swift in Sources */,
				41721D202FB259930054BA7B /* TeamDetailsPresenter.swift in Sources */,
				B32FB59B2FB51B960066E189 /* SplashViewController.swift in Sources */,
				B3415E002FAFF5DC00780D9A /* LeagueTableViewCell.swift in Sources */,
				B3C796582FAB38B700CB12A1 /* OnboardingPageViewController.swift in Sources */,
				413B2C102FB4CF4400DD5EF8 /* AllLeaguesViewController+SkeletonTableViewDataSource.swift in Sources */,
				41721D1E2FB259810054BA7B /* TeamDetailsPresenterProtocol.swift in Sources */,
				B3415E072FB000FF00780D9A /* NetworkMonitor.swift in Sources */,
				411142CF2FACEE5B00268097 /* HomeCollectionViewController.swift in Sources */,
				411142CC2FACEE5B00268097 /* HomeCollectionViewCell.swift in Sources */,
				41721D182FB22C720054BA7B /* TeamDetailsViewController.swift in Sources */,
				41C9E4CD2FAFD157003E455E /* SportType.swift in Sources */,
				418347812FB3073C00F140EC /* Event.swift in Sources */,
				414960582FB538CB00B33A62 /* PlayerInfoTableViewCell.swift in Sources */,
				411142C62FACEE5B00268097 /* HomePresenter.swift in Sources */,
				B3415DF82FAFE3FC00780D9A /* FavouritesViewController.swift in Sources */,
				413B2C0A2FB4CE1900DD5EF8 /* AllLeaguesViewController+UISearchBarDelegate.swift in Sources */,
				4186CEDC2FAD1CD00045F230 /* League.swift in Sources */,
				B37DFB072FB2B60F00E8BC16 /* SectionHeader.swift in Sources */,
				41C9E4DC2FAFE0BB003E455E /* LeagueHeaderView.swift in Sources */,
				B3C7965A2FAB391100CB12A1 /* OnboardingPresenter.swift in Sources */,
				B37DFB052FB2A4CB00E8BC16 /* LeagueSection.swift in Sources */,
				B37DFAFD2FB2A20600E8BC16 /* LeagueDetailsPresneter.swift in Sources */,
				41C9E4C52FAFCF80003E455E /* AllLeaguesViewController.swift in Sources */,
				4183477F2FB27F0900F140EC /* LeagueDetailsCollectionViewController+TeamEventCellDelegate.swift in Sources */,
				4183478A2FB307E600F140EC /* CricketFixture.swift in Sources */,
				B315D2902FA9B412000A70D9 /* AppDelegate.swift in Sources */,
				418347862FB307B300F140EC /* BasketballFixture.swift in Sources */,
				413B2C122FB4CF8700DD5EF8 /* AllLeaguesViewControllerProtocol.swift in Sources */,
				41721D222FB259DD0054BA7B /* TeamDetailsViewControllerProtocol.swift in Sources */,
				411142C92FACEE5B00268097 /* Sport.swift in Sources */,
				B3C7965E2FAB3BBB00CB12A1 /* SecondOnboardingViewController.swift in Sources */,
				B315D2922FA9B412000A70D9 /* SceneDelegate.swift in Sources */,
				41C9E4DA2FAFD310003E455E /* LeagueResponse.swift in Sources */,
				B333E0632FB4C60E0091FD3D /* EmptyStateCell.swift in Sources */,
				B37DFB0C2FB2CBF100E8BC16 /*  LeagueDetailsCollectionViewController+ProtocolConform.swift in Sources */,
				B3C7965C2FAB3BA500CB12A1 /* FirstOnboardingViewController.swift in Sources */,
				41721D122FB223140054BA7B /* PlayerTableViewCell.swift in Sources */,
				414960552FB5380200B33A62 /* PlayerDetailsViewController.swift in Sources */,
				413B2C0E2FB4CF1300DD5EF8 /* AllLeaguesViewController+UITableViewDelegate.swift in Sources */,
				B3D2DAF52FACEA840030E45A /* OnboardingPresenterProtocol.swift in Sources */,
			);
			runOnlyForDeploymentPostprocessing = 0;
		};
		B315D2A12FA9B413000A70D9 /* Sources */ = {
			isa = PBXSourcesBuildPhase;
			buildActionMask = 2147483647;
			files = (
				411142CA2FACEE5B00268097 /* Sport.swift in Sources */,
				411142C42FACEE5B00268097 /* HomePresenterProtocol.swift in Sources */,
				411142C12FACEE5A00268097 /* HomeViewController+CollectionView.swift in Sources */,
				B315D2AA2FA9B414000A70D9 /* SportsApplicationTests.swift in Sources */,
				411142D02FACEE5B00268097 /* HomeCollectionViewController.swift in Sources */,
				411142C72FACEE5B00268097 /* HomePresenter.swift in Sources */,
				411142CD2FACEE5B00268097 /* HomeCollectionViewCell.swift in Sources */,
			);
			runOnlyForDeploymentPostprocessing = 0;
		};
		B315D2AB2FA9B414000A70D9 /* Sources */ = {
			isa = PBXSourcesBuildPhase;
			buildActionMask = 2147483647;
			files = (
				411142CE2FACEE5B00268097 /* HomeCollectionViewCell.swift in Sources */,
				B315D2B62FA9B414000A70D9 /* SportsApplicationUITestsLaunchTests.swift in Sources */,
				411142C52FACEE5B00268097 /* HomePresenterProtocol.swift in Sources */,
				411142C22FACEE5B00268097 /* HomeViewController+CollectionView.swift in Sources */,
				411142C82FACEE5B00268097 /* HomePresenter.swift in Sources */,
				411142D12FACEE5B00268097 /* HomeCollectionViewController.swift in Sources */,
				411142CB2FACEE5B00268097 /* Sport.swift in Sources */,
				B315D2B42FA9B414000A70D9 /* SportsApplicationUITests.swift in Sources */,
			);
			runOnlyForDeploymentPostprocessing = 0;
		};
/* End PBXSourcesBuildPhase section */

/* Begin PBXTargetDependency section */
		B315D2A72FA9B413000A70D9 /* PBXTargetDependency */ = {
			isa = PBXTargetDependency;
			target = B315D28B2FA9B412000A70D9 /* SportsApplication */;
			targetProxy = B315D2A62FA9B413000A70D9 /* PBXContainerItemProxy */;
		};
		B315D2B12FA9B414000A70D9 /* PBXTargetDependency */ = {
			isa = PBXTargetDependency;
			target = B315D28B2FA9B412000A70D9 /* SportsApplication */;
			targetProxy = B315D2B02FA9B414000A70D9 /* PBXContainerItemProxy */;
		};
/* End PBXTargetDependency section */

/* Begin PBXVariantGroup section */
		B315D2952FA9B412000A70D9 /* Main.storyboard */ = {
			isa = PBXVariantGroup;
			children = (
				B315D2962FA9B412000A70D9 /* Base */,
			);
			name = Main.storyboard;
			sourceTree = "<group>";
		};
		B315D29D2FA9B413000A70D9 /* LaunchScreen.storyboard */ = {
			isa = PBXVariantGroup;
			children = (
				B315D29E2FA9B413000A70D9 /* Base */,
			);
			name = LaunchScreen.storyboard;
			sourceTree = "<group>";
		};
/* End PBXVariantGroup section */

/* Begin XCBuildConfiguration section */
		B315D2B72FA9B414000A70D9 /* Debug */ = {
			isa = XCBuildConfiguration;
			baseConfigurationReference = 413B2C172FB4EFD500DD5EF8 /* Config.xcconfig */;
			buildSettings = {
				ALWAYS_SEARCH_USER_PATHS = NO;
				CLANG_ANALYZER_NONNULL = YES;
				CLANG_ANALYZER_NUMBER_OBJECT_CONVERSION = YES_AGGRESSIVE;
				CLANG_CXX_LANGUAGE_STANDARD = "gnu++17";
				CLANG_CXX_LIBRARY = "libc++";
				CLANG_ENABLE_MODULES = YES;
				CLANG_ENABLE_OBJC_ARC = YES;
				CLANG_ENABLE_OBJC_WEAK = YES;
				CLANG_WARN_BLOCK_CAPTURE_AUTORELEASING = YES;
				CLANG_WARN_BOOL_CONVERSION = YES;
				CLANG_WARN_COMMA = YES;
				CLANG_WARN_CONSTANT_CONVERSION = YES;
				CLANG_WARN_DEPRECATED_OBJC_IMPLEMENTATIONS = YES;
				CLANG_WARN_DIRECT_OBJC_ISA_USAGE = YES_ERROR;
				CLANG_WARN_DOCUMENTATION_COMMENTS = YES;
				CLANG_WARN_EMPTY_BODY = YES;
				CLANG_WARN_ENUM_CONVERSION = YES;
				CLANG_WARN_INFINITE_RECURSION = YES;
				CLANG_WARN_INT_CONVERSION = YES;
				CLANG_WARN_NON_LITERAL_NULL_CONVERSION = YES;
				CLANG_WARN_OBJC_IMPLICIT_RETAIN_SELF = YES;
				CLANG_WARN_OBJC_LITERAL_CONVERSION = YES;
				CLANG_WARN_OBJC_ROOT_CLASS = YES_ERROR;
				CLANG_WARN_QUOTED_INCLUDE_IN_FRAMEWORK_HEADER = YES;
				CLANG_WARN_RANGE_LOOP_ANALYSIS = YES;
				CLANG_WARN_STRICT_PROTOTYPES = YES;
				CLANG_WARN_SUSPICIOUS_MOVE = YES;
				CLANG_WARN_UNGUARDED_AVAILABILITY = YES_AGGRESSIVE;
				CLANG_WARN_UNREACHABLE_CODE = YES;
				CLANG_WARN__DUPLICATE_METHOD_MATCH = YES;
				COPY_PHASE_STRIP = NO;
				DEBUG_INFORMATION_FORMAT = dwarf;
				ENABLE_STRICT_OBJC_MSGSEND = YES;
				ENABLE_TESTABILITY = YES;
				GCC_C_LANGUAGE_STANDARD = gnu11;
				GCC_DYNAMIC_NO_PIC = NO;
				GCC_NO_COMMON_BLOCKS = YES;
				GCC_OPTIMIZATION_LEVEL = 0;
				GCC_PREPROCESSOR_DEFINITIONS = (
					"DEBUG=1",
					"$(inherited)",
				);
				GCC_WARN_64_TO_32_BIT_CONVERSION = YES;
				GCC_WARN_ABOUT_RETURN_TYPE = YES_ERROR;
				GCC_WARN_UNDECLARED_SELECTOR = YES;
				GCC_WARN_UNINITIALIZED_AUTOS = YES_AGGRESSIVE;
				GCC_WARN_UNUSED_FUNCTION = YES;
				GCC_WARN_UNUSED_VARIABLE = YES;
				IPHONEOS_DEPLOYMENT_TARGET = 15.2;
				MTL_ENABLE_DEBUG_INFO = INCLUDE_SOURCE;
				MTL_FAST_MATH = YES;
				ONLY_ACTIVE_ARCH = YES;
				SDKROOT = iphoneos;
				SWIFT_ACTIVE_COMPILATION_CONDITIONS = DEBUG;
				SWIFT_OPTIMIZATION_LEVEL = "-Onone";
			};
			name = Debug;
		};
		B315D2B82FA9B414000A70D9 /* Release */ = {
			isa = XCBuildConfiguration;
			baseConfigurationReference = 413B2C172FB4EFD500DD5EF8 /* Config.xcconfig */;
			buildSettings = {
				ALWAYS_SEARCH_USER_PATHS = NO;
				CLANG_ANALYZER_NONNULL = YES;
				CLANG_ANALYZER_NUMBER_OBJECT_CONVERSION = YES_AGGRESSIVE;
				CLANG_CXX_LANGUAGE_STANDARD = "gnu++17";
				CLANG_CXX_LIBRARY = "libc++";
				CLANG_ENABLE_MODULES = YES;
				CLANG_ENABLE_OBJC_ARC = YES;
				CLANG_ENABLE_OBJC_WEAK = YES;
				CLANG_WARN_BLOCK_CAPTURE_AUTORELEASING = YES;
				CLANG_WARN_BOOL_CONVERSION = YES;
				CLANG_WARN_COMMA = YES;
				CLANG_WARN_CONSTANT_CONVERSION = YES;
				CLANG_WARN_DEPRECATED_OBJC_IMPLEMENTATIONS = YES;
				CLANG_WARN_DIRECT_OBJC_ISA_USAGE = YES_ERROR;
				CLANG_WARN_DOCUMENTATION_COMMENTS = YES;
				CLANG_WARN_EMPTY_BODY = YES;
				CLANG_WARN_ENUM_CONVERSION = YES;
				CLANG_WARN_INFINITE_RECURSION = YES;
				CLANG_WARN_INT_CONVERSION = YES;
				CLANG_WARN_NON_LITERAL_NULL_CONVERSION = YES;
				CLANG_WARN_OBJC_IMPLICIT_RETAIN_SELF = YES;
				CLANG_WARN_OBJC_LITERAL_CONVERSION = YES;
				CLANG_WARN_OBJC_ROOT_CLASS = YES_ERROR;
				CLANG_WARN_QUOTED_INCLUDE_IN_FRAMEWORK_HEADER = YES;
				CLANG_WARN_RANGE_LOOP_ANALYSIS = YES;
				CLANG_WARN_STRICT_PROTOTYPES = YES;
				CLANG_WARN_SUSPICIOUS_MOVE = YES;
				CLANG_WARN_UNGUARDED_AVAILABILITY = YES_AGGRESSIVE;
				CLANG_WARN_UNREACHABLE_CODE = YES;
				CLANG_WARN__DUPLICATE_METHOD_MATCH = YES;
				COPY_PHASE_STRIP = NO;
				DEBUG_INFORMATION_FORMAT = "dwarf-with-dsym";
				ENABLE_NS_ASSERTIONS = NO;
				ENABLE_STRICT_OBJC_MSGSEND = YES;
				GCC_C_LANGUAGE_STANDARD = gnu11;
				GCC_NO_COMMON_BLOCKS = YES;
				GCC_WARN_64_TO_32_BIT_CONVERSION = YES;
				GCC_WARN_ABOUT_RETURN_TYPE = YES_ERROR;
				GCC_WARN_UNDECLARED_SELECTOR = YES;
				GCC_WARN_UNINITIALIZED_AUTOS = YES_AGGRESSIVE;
				GCC_WARN_UNUSED_FUNCTION = YES;
				GCC_WARN_UNUSED_VARIABLE = YES;
				IPHONEOS_DEPLOYMENT_TARGET = 15.2;
				MTL_ENABLE_DEBUG_INFO = NO;
				MTL_FAST_MATH = YES;
				SDKROOT = iphoneos;
				SWIFT_COMPILATION_MODE = wholemodule;
				SWIFT_OPTIMIZATION_LEVEL = "-O";
				VALIDATE_PRODUCT = YES;
			};
			name = Release;
		};
		B315D2BA2FA9B414000A70D9 /* Debug */ = {
			isa = XCBuildConfiguration;
			buildSettings = {
				ASSETCATALOG_COMPILER_APPICON_NAME = AppIcon;
				ASSETCATALOG_COMPILER_GLOBAL_ACCENT_COLOR_NAME = AccentColor;
				CODE_SIGN_STYLE = Automatic;
				CURRENT_PROJECT_VERSION = 1;
				GENERATE_INFOPLIST_FILE = YES;
				INFOPLIST_FILE = SportsApplication/Info.plist;
				INFOPLIST_KEY_UIApplicationSupportsIndirectInputEvents = YES;
				INFOPLIST_KEY_UILaunchStoryboardName = LaunchScreen;
				INFOPLIST_KEY_UIMainStoryboardFile = Main;
				INFOPLIST_KEY_UISupportedInterfaceOrientations_iPad = "UIInterfaceOrientationPortrait UIInterfaceOrientationPortraitUpsideDown UIInterfaceOrientationLandscapeLeft UIInterfaceOrientationLandscapeRight";
				INFOPLIST_KEY_UISupportedInterfaceOrientations_iPhone = "UIInterfaceOrientationPortrait UIInterfaceOrientationLandscapeLeft UIInterfaceOrientationLandscapeRight";
				LD_RUNPATH_SEARCH_PATHS = (
					"$(inherited)",
					"@executable_path/Frameworks",
				);
				MARKETING_VERSION = 1.0;
				PRODUCT_BUNDLE_IDENTIFIER = iti.SportsApplication;
				PRODUCT_NAME = "$(TARGET_NAME)";
				SWIFT_EMIT_LOC_STRINGS = YES;
				SWIFT_VERSION = 5.0;
				TARGETED_DEVICE_FAMILY = "1,2";
			};
			name = Debug;
		};
		B315D2BB2FA9B414000A70D9 /* Release */ = {
			isa = XCBuildConfiguration;
			buildSettings = {
				ASSETCATALOG_COMPILER_APPICON_NAME = AppIcon;
				ASSETCATALOG_COMPILER_GLOBAL_ACCENT_COLOR_NAME = AccentColor;
				CODE_SIGN_STYLE = Automatic;
				CURRENT_PROJECT_VERSION = 1;
				GENERATE_INFOPLIST_FILE = YES;
				INFOPLIST_FILE = SportsApplication/Info.plist;
				INFOPLIST_KEY_UIApplicationSupportsIndirectInputEvents = YES;
				INFOPLIST_KEY_UILaunchStoryboardName = LaunchScreen;
				INFOPLIST_KEY_UIMainStoryboardFile = Main;
				INFOPLIST_KEY_UISupportedInterfaceOrientations_iPad = "UIInterfaceOrientationPortrait UIInterfaceOrientationPortraitUpsideDown UIInterfaceOrientationLandscapeLeft UIInterfaceOrientationLandscapeRight";
				INFOPLIST_KEY_UISupportedInterfaceOrientations_iPhone = "UIInterfaceOrientationPortrait UIInterfaceOrientationLandscapeLeft UIInterfaceOrientationLandscapeRight";
				LD_RUNPATH_SEARCH_PATHS = (
					"$(inherited)",
					"@executable_path/Frameworks",
				);
				MARKETING_VERSION = 1.0;
				PRODUCT_BUNDLE_IDENTIFIER = iti.SportsApplication;
				PRODUCT_NAME = "$(TARGET_NAME)";
				SWIFT_EMIT_LOC_STRINGS = YES;
				SWIFT_VERSION = 5.0;
				TARGETED_DEVICE_FAMILY = "1,2";
			};
			name = Release;
		};
		B315D2BD2FA9B414000A70D9 /* Debug */ = {
			isa = XCBuildConfiguration;
			buildSettings = {
				ALWAYS_EMBED_SWIFT_STANDARD_LIBRARIES = YES;
				BUNDLE_LOADER = "$(TEST_HOST)";
				CODE_SIGN_STYLE = Automatic;
				CURRENT_PROJECT_VERSION = 1;
				GENERATE_INFOPLIST_FILE = YES;
				IPHONEOS_DEPLOYMENT_TARGET = 15.2;
				MARKETING_VERSION = 1.0;
				PRODUCT_BUNDLE_IDENTIFIER = iti.SportsApplicationTests;
				PRODUCT_NAME = "$(TARGET_NAME)";
				SWIFT_EMIT_LOC_STRINGS = NO;
				SWIFT_VERSION = 5.0;
				TARGETED_DEVICE_FAMILY = "1,2";
				TEST_HOST = "$(BUILT_PRODUCTS_DIR)/SportsApplication.app/SportsApplication";
			};
			name = Debug;
		};
		B315D2BE2FA9B414000A70D9 /* Release */ = {
			isa = XCBuildConfiguration;
			buildSettings = {
				ALWAYS_EMBED_SWIFT_STANDARD_LIBRARIES = YES;
				BUNDLE_LOADER = "$(TEST_HOST)";
				CODE_SIGN_STYLE = Automatic;
				CURRENT_PROJECT_VERSION = 1;
				GENERATE_INFOPLIST_FILE = YES;
				IPHONEOS_DEPLOYMENT_TARGET = 15.2;
				MARKETING_VERSION = 1.0;
				PRODUCT_BUNDLE_IDENTIFIER = iti.SportsApplicationTests;
				PRODUCT_NAME = "$(TARGET_NAME)";
				SWIFT_EMIT_LOC_STRINGS = NO;
				SWIFT_VERSION = 5.0;
				TARGETED_DEVICE_FAMILY = "1,2";
				TEST_HOST = "$(BUILT_PRODUCTS_DIR)/SportsApplication.app/SportsApplication";
			};
			name = Release;
		};
		B315D2C02FA9B414000A70D9 /* Debug */ = {
			isa = XCBuildConfiguration;
			buildSettings = {
				ALWAYS_EMBED_SWIFT_STANDARD_LIBRARIES = YES;
				CODE_SIGN_STYLE = Automatic;
				CURRENT_PROJECT_VERSION = 1;
				GENERATE_INFOPLIST_FILE = YES;
				MARKETING_VERSION = 1.0;
				PRODUCT_BUNDLE_IDENTIFIER = iti.SportsApplicationUITests;
				PRODUCT_NAME = "$(TARGET_NAME)";
				SWIFT_EMIT_LOC_STRINGS = NO;
				SWIFT_VERSION = 5.0;
				TARGETED_DEVICE_FAMILY = "1,2";
				TEST_TARGET_NAME = SportsApplication;
			};
			name = Debug;
		};
		B315D2C12FA9B414000A70D9 /* Release */ = {
			isa = XCBuildConfiguration;
			buildSettings = {
				ALWAYS_EMBED_SWIFT_STANDARD_LIBRARIES = YES;
				CODE_SIGN_STYLE = Automatic;
				CURRENT_PROJECT_VERSION = 1;
				GENERATE_INFOPLIST_FILE = YES;
				MARKETING_VERSION = 1.0;
				PRODUCT_BUNDLE_IDENTIFIER = iti.SportsApplicationUITests;
				PRODUCT_NAME = "$(TARGET_NAME)";
				SWIFT_EMIT_LOC_STRINGS = NO;
				SWIFT_VERSION = 5.0;
				TARGETED_DEVICE_FAMILY = "1,2";
				TEST_TARGET_NAME = SportsApplication;
			};
			name = Release;
		};
/* End XCBuildConfiguration section */

/* Begin XCConfigurationList section */
		B315D2872FA9B412000A70D9 /* Build configuration list for PBXProject "SportsApplication" */ = {
			isa = XCConfigurationList;
			buildConfigurations = (
				B315D2B72FA9B414000A70D9 /* Debug */,
				B315D2B82FA9B414000A70D9 /* Release */,
			);
			defaultConfigurationIsVisible = 0;
			defaultConfigurationName = Release;
		};
		B315D2B92FA9B414000A70D9 /* Build configuration list for PBXNativeTarget "SportsApplication" */ = {
			isa = XCConfigurationList;
			buildConfigurations = (
				B315D2BA2FA9B414000A70D9 /* Debug */,
				B315D2BB2FA9B414000A70D9 /* Release */,
			);
			defaultConfigurationIsVisible = 0;
			defaultConfigurationName = Release;
		};
		B315D2BC2FA9B414000A70D9 /* Build configuration list for PBXNativeTarget "SportsApplicationTests" */ = {
			isa = XCConfigurationList;
			buildConfigurations = (
				B315D2BD2FA9B414000A70D9 /* Debug */,
				B315D2BE2FA9B414000A70D9 /* Release */,
			);
			defaultConfigurationIsVisible = 0;
			defaultConfigurationName = Release;
		};
		B315D2BF2FA9B414000A70D9 /* Build configuration list for PBXNativeTarget "SportsApplicationUITests" */ = {
			isa = XCConfigurationList;
			buildConfigurations = (
				B315D2C02FA9B414000A70D9 /* Debug */,
				B315D2C12FA9B414000A70D9 /* Release */,
			);
			defaultConfigurationIsVisible = 0;
			defaultConfigurationName = Release;
		};
/* End XCConfigurationList section */

/* Begin XCRemoteSwiftPackageReference section */
		41C9E4D02FAFD1D8003E455E /* XCRemoteSwiftPackageReference "Alamofire" */ = {
			isa = XCRemoteSwiftPackageReference;
			repositoryURL = "https://github.com/Alamofire/Alamofire.git";
			requirement = {
				kind = exactVersion;
				version = 5.6.0;
			};
		};
		41C9E4DD2FAFE2AF003E455E /* XCRemoteSwiftPackageReference "kingfisher" */ = {
			isa = XCRemoteSwiftPackageReference;
			repositoryURL = "https://github.com/onevcat/kingfisher";
			requirement = {
				kind = exactVersion;
				version = 7.2.4;
			};
		};
		B32FB5972FB51B260066E189 /* XCRemoteSwiftPackageReference "lottie-spm" */ = {
			isa = XCRemoteSwiftPackageReference;
			repositoryURL = "https://github.com/airbnb/lottie-spm";
			requirement = {
				kind = exactVersion;
				version = 4.2.0;
			};
		};
		B333E0642FB4CD380091FD3D /* XCRemoteSwiftPackageReference "SkeletonView" */ = {
			isa = XCRemoteSwiftPackageReference;
			repositoryURL = "https://github.com/Juanpe/SkeletonView.git";
			requirement = {
				kind = exactVersion;
				version = 1.26.0;
			};
		};
/* End XCRemoteSwiftPackageReference section */

/* Begin XCSwiftPackageProductDependency section */
		41C9E4D12FAFD1D8003E455E /* Alamofire */ = {
			isa = XCSwiftPackageProductDependency;
			package = 41C9E4D02FAFD1D8003E455E /* XCRemoteSwiftPackageReference "Alamofire" */;
			productName = Alamofire;
		};
		41C9E4DE2FAFE2AF003E455E /* Kingfisher */ = {
			isa = XCSwiftPackageProductDependency;
			package = 41C9E4DD2FAFE2AF003E455E /* XCRemoteSwiftPackageReference "kingfisher" */;
			productName = Kingfisher;
		};
		B32FB5982FB51B260066E189 /* Lottie */ = {
			isa = XCSwiftPackageProductDependency;
			package = B32FB5972FB51B260066E189 /* XCRemoteSwiftPackageReference "lottie-spm" */;
			productName = Lottie;
		};
		B333E0652FB4CD380091FD3D /* SkeletonView */ = {
			isa = XCSwiftPackageProductDependency;
			package = B333E0642FB4CD380091FD3D /* XCRemoteSwiftPackageReference "SkeletonView" */;
			productName = SkeletonView;
		};
/* End XCSwiftPackageProductDependency section */

/* Begin XCVersionGroup section */
		B315D2982FA9B412000A70D9 /* SportsApplication.xcdatamodeld */ = {
			isa = XCVersionGroup;
			children = (
				B315D2992FA9B412000A70D9 /* SportsApplication.xcdatamodel */,
			);
			currentVersion = B315D2992FA9B412000A70D9 /* SportsApplication.xcdatamodel */;
			path = SportsApplication.xcdatamodeld;
			sourceTree = "<group>";
			versionGroupType = wrapper.xcdatamodel;
		};
/* End XCVersionGroup section */
	};
	rootObject = B315D2842FA9B412000A70D9 /* Project object */;
}
