// !$*UTF8*$!
{
	archiveVersion = 1;
	classes = {
	};
	objectVersion = 55;
	objects = {

/* Begin PBXBuildFile section */
		411142AD2FACB2C900268097 /* Mulish-ExtraBold.ttf in Resources */ = {isa = PBXBuildFile; fileRef = 411142A62FACB2C700268097 /* Mulish-ExtraBold.ttf */; };
		411142AE2FACB2C900268097 /* Mulish-Light.ttf in Resources */ = {isa = PBXBuildFile; fileRef = 411142A72FACB2C800268097 /* Mulish-Light.ttf */; };
		411142AF2FACB2C900268097 /* Mulish-SemiBold.ttf in Resources */ = {isa = PBXBuildFile; fileRef = 411142A82FACB2C800268097 /* Mulish-SemiBold.ttf */; };
		411142B02FACB2C900268097 /* Mulish-Bold.ttf in Resources */ = {isa = PBXBuildFile; fileRef = 411142A92FACB2C800268097 /* Mulish-Bold.ttf */; };
		411142B12FACB2C900268097 /* Mulish-Regular.ttf in Resources */ = {isa = PBXBuildFile; fileRef = 411142AA2FACB2C900268097 /* Mulish-Regular.ttf */; };
		411142B22FACB2C900268097 /* Mulish-Medium.ttf in Resources */ = {isa = PBXBuildFile; fileRef = 411142AB2FACB2C900268097 /* Mulish-Medium.ttf */; };
		411142C02FACEE5A00268097 /* HomeViewController+CollectionView.swift in Sources */ = {isa = PBXBuildFile; fileRef = 411142B62FACEE5A00268097 /* HomeViewController+CollectionView.swift */; };
		411142C12FACEE5A00268097 /* HomeViewController+CollectionView.swift in Sources */ = {isa = PBXBuildFile; fileRef = 411142B62FACEE5A00268097 /* HomeViewController+CollectionView.swift */; };
		411142C22FACEE5B00268097 /* HomeViewController+CollectionView.swift in Sources */ = {isa = PBXBuildFile; fileRef = 411142B62FACEE5A00268097 /* HomeViewController+CollectionView.swift */; };
		411142C32FACEE5B00268097 /* HomePresenterProtocol.swift in Sources */ = {isa = PBXBuildFile; fileRef = 411142B82FACEE5A00268097 /* HomePresenterProtocol.swift */; };
		411142C42FACEE5B00268097 /* HomePresenterProtocol.swift in Sources */ = {isa = PBXBuildFile; fileRef = 411142B82FACEE5A00268097 /* HomePresenterProtocol.swift */; };
		411142C52FACEE5B00268097 /* HomePresenterProtocol.swift in Sources */ = {isa = PBXBuildFile; fileRef = 411142B82FACEE5A00268097 /* HomePresenterProtocol.swift */; };
		411142C62FACEE5B00268097 /* HomePresenter.swift in Sources */ = {isa = PBXBuildFile; fileRef = 411142B92FACEE5A00268097 /* HomePresenter.swift */; };
		411142C72FACEE5B00268097 /* HomePresenter.swift in Sources */ = {isa = PBXBuildFile; fileRef = 411142B92FACEE5A00268097 /* HomePresenter.swift */; };
		411142C82FACEE5B00268097 /* HomePresenter.swift in Sources */ = {isa = PBXBuildFile; fileRef = 411142B92FACEE5A00268097 /* HomePresenter.swift */; };
		411142C92FACEE5B00268097 /* Sport.swift in Sources */ = {isa = PBXBuildFile; fileRef = 411142BB2FACEE5A00268097 /* Sport.swift */; };
		411142CA2FACEE5B00268097 /* Sport.swift in Sources */ = {isa = PBXBuildFile; fileRef = 411142BB2FACEE5A00268097 /* Sport.swift */; };
		411142CB2FACEE5B00268097 /* Sport.swift in Sources */ = {isa = PBXBuildFile; fileRef = 411142BB2FACEE5A00268097 /* Sport.swift */; };
		411142CC2FACEE5B00268097 /* HomeCollectionViewCell.swift in Sources */ = {isa = PBXBuildFile; fileRef = 411142BE2FACEE5A00268097 /* HomeCollectionViewCell.swift */; };
		411142CD2FACEE5B00268097 /* HomeCollectionViewCell.swift in Sources */ = {isa = PBXBuildFile; fileRef = 411142BE2FACEE5A00268097 /* HomeCollectionViewCell.swift */; };
		411142CE2FACEE5B00268097 /* HomeCollectionViewCell.swift in Sources */ = {isa = PBXBuildFile; fileRef = 411142BE2FACEE5A00268097 /* HomeCollectionViewCell.swift */; };
		411142CF2FACEE5B00268097 /* HomeCollectionViewController.swift in Sources */ = {isa = PBXBuildFile; fileRef = 411142BF2FACEE5A00268097 /* HomeCollectionViewController.swift */; };
		411142D02FACEE5B00268097 /* HomeCollectionViewController.swift in Sources */ = {isa = PBXBuildFile; fileRef = 411142BF2FACEE5A00268097 /* HomeCollectionViewController.swift */; };
		411142D12FACEE5B00268097 /* HomeCollectionViewController.swift in Sources */ = {isa = PBXBuildFile; fileRef = 411142BF2FACEE5A00268097 /* HomeCollectionViewController.swift */; };
		4186CEDC2FAD1CD00045F230 /* League.swift in Sources */ = {isa = PBXBuildFile; fileRef = 4186CEDB2FAD1CD00045F230 /* League.swift */; };
		B315D2902FA9B412000A70D9 /* AppDelegate.swift in Sources */ = {isa = PBXBuildFile; fileRef = B315D28F2FA9B412000A70D9 /* AppDelegate.swift */; };
		B315D2922FA9B412000A70D9 /* SceneDelegate.swift in Sources */ = {isa = PBXBuildFile; fileRef = B315D2912FA9B412000A70D9 /* SceneDelegate.swift */; };
		B315D2972FA9B412000A70D9 /* Main.storyboard in Resources */ = {isa = PBXBuildFile; fileRef = B315D2952FA9B412000A70D9 /* Main.storyboard */; };
		B315D29A2FA9B412000A70D9 /* SportsApplication.xcdatamodeld in Sources */ = {isa = PBXBuildFile; fileRef = B315D2982FA9B412000A70D9 /* SportsApplication.xcdatamodeld */; };
		B315D29C2FA9B413000A70D9 /* Assets.xcassets in Resources */ = {isa = PBXBuildFile; fileRef = B315D29B2FA9B413000A70D9 /* Assets.xcassets */; };
		B315D29F2FA9B413000A70D9 /* LaunchScreen.storyboard in Resources */ = {isa = PBXBuildFile; fileRef = B315D29D2FA9B413000A70D9 /* LaunchScreen.storyboard */; };
		B315D2AA2FA9B414000A70D9 /* SportsApplicationTests.swift in Sources */ = {isa = PBXBuildFile; fileRef = B315D2A92FA9B414000A70D9 /* SportsApplicationTests.swift */; };
		B315D2B42FA9B414000A70D9 /* SportsApplicationUITests.swift in Sources */ = {isa = PBXBuildFile; fileRef = B315D2B32FA9B414000A70D9 /* SportsApplicationUITests.swift */; };
		B315D2B62FA9B414000A70D9 /* SportsApplicationUITestsLaunchTests.swift in Sources */ = {isa = PBXBuildFile; fileRef = B315D2B52FA9B414000A70D9 /* SportsApplicationUITestsLaunchTests.swift */; };
		B37D5BF12FABC750006D897B /* LocalDataManager.swift in Sources */ = {isa = PBXBuildFile; fileRef = B37D5BF02FABC750006D897B /* LocalDataManager.swift */; };
		B3C796582FAB38B700CB12A1 /* OnboardingPageViewController.swift in Sources */ = {isa = PBXBuildFile; fileRef = B3C796572FAB38B700CB12A1 /* OnboardingPageViewController.swift */; };
		B3C7965A2FAB391100CB12A1 /* OnboardingPresenter.swift in Sources */ = {isa = PBXBuildFile; fileRef = B3C796592FAB391100CB12A1 /* OnboardingPresenter.swift */; };
		B3C7965C2FAB3BA500CB12A1 /* FirstOnboardingViewController.swift in Sources */ = {isa = PBXBuildFile; fileRef = B3C7965B2FAB3BA500CB12A1 /* FirstOnboardingViewController.swift */; };
		B3C7965E2FAB3BBB00CB12A1 /* SecondOnboardingViewController.swift in Sources */ = {isa = PBXBuildFile; fileRef = B3C7965D2FAB3BBB00CB12A1 /* SecondOnboardingViewController.swift */; };
		B3C796612FAB3ED400CB12A1 /* UIColor+Extensions.swift in Sources */ = {isa = PBXBuildFile; fileRef = B3C796602FAB3ED400CB12A1 /* UIColor+Extensions.swift */; };
		B3D2DAF22FACE96C0030E45A /* OnboardingViewProtocol.swift in Sources */ = {isa = PBXBuildFile; fileRef = B3D2DAF12FACE96C0030E45A /* OnboardingViewProtocol.swift */; };
		B3D2DAF52FACEA840030E45A /* OnboardingPresenterProtocol.swift in Sources */ = {isa = PBXBuildFile; fileRef = B3D2DAF42FACEA840030E45A /* OnboardingPresenterProtocol.swift */; };
/* End PBXBuildFile section */

/* Begin PBXContainerItemProxy section */
		B315D2A62FA9B413000A70D9 /* PBXContainerItemProxy */ = {
			isa = PBXContainerItemProxy;
			containerPortal = B315D2842FA9B412000A70D9 /* Project object */;
			proxyType = 1;
			remoteGlobalIDString = B315D28B2FA9B412000A70D9;
			remoteInfo = SportsApplication;
		};
		B315D2B02FA9B414000A70D9 /* PBXContainerItemProxy */ = {
			isa = PBXContainerItemProxy;
			containerPortal = B315D2842FA9B412000A70D9 /* Project object */;
			proxyType = 1;
			remoteGlobalIDString = B315D28B2FA9B412000A70D9;
			remoteInfo = SportsApplication;
		};
/* End PBXContainerItemProxy section */

/* Begin PBXFileReference section */
		411142A62FACB2C700268097 /* Mulish-ExtraBold.ttf */ = {isa = PBXFileReference; lastKnownFileType = file; path = "Mulish-ExtraBold.ttf"; sourceTree = "<group>"; };
		411142A72FACB2C800268097 /* Mulish-Light.ttf */ = {isa = PBXFileReference; lastKnownFileType = file; path = "Mulish-Light.ttf"; sourceTree = "<group>"; };
		411142A82FACB2C800268097 /* Mulish-SemiBold.ttf */ = {isa = PBXFileReference; lastKnownFileType = file; path = "Mulish-SemiBold.ttf"; sourceTree = "<group>"; };
		411142A92FACB2C800268097 /* Mulish-Bold.ttf */ = {isa = PBXFileReference; lastKnownFileType = file; path = "Mulish-Bold.ttf"; sourceTree = "<group>"; };
		411142AA2FACB2C900268097 /* Mulish-Regular.ttf */ = {isa = PBXFileReference; lastKnownFileType = file; path = "Mulish-Regular.ttf"; sourceTree = "<group>"; };
		411142AB2FACB2C900268097 /* Mulish-Medium.ttf */ = {isa = PBXFileReference; lastKnownFileType = file; path = "Mulish-Medium.ttf"; sourceTree = "<group>"; };
		411142B62FACEE5A00268097 /* HomeViewController+CollectionView.swift */ = {isa = PBXFileReference; fileEncoding = 4; lastKnownFileType = sourcecode.swift; path = "HomeViewController+CollectionView.swift"; sourceTree = "<group>"; };
		411142B82FACEE5A00268097 /* HomePresenterProtocol.swift */ = {isa = PBXFileReference; fileEncoding = 4; lastKnownFileType = sourcecode.swift; path = HomePresenterProtocol.swift; sourceTree = "<group>"; };
		411142B92FACEE5A00268097 /* HomePresenter.swift */ = {isa = PBXFileReference; fileEncoding = 4; lastKnownFileType = sourcecode.swift; path = HomePresenter.swift; sourceTree = "<group>"; };
		411142BB2FACEE5A00268097 /* Sport.swift */ = {isa = PBXFileReference; fileEncoding = 4; lastKnownFileType = sourcecode.swift; path = Sport.swift; sourceTree = "<group>"; };
		411142BE2FACEE5A00268097 /* HomeCollectionViewCell.swift */ = {isa = PBXFileReference; fileEncoding = 4; lastKnownFileType = sourcecode.swift; path = HomeCollectionViewCell.swift; sourceTree = "<group>"; };
		411142BF2FACEE5A00268097 /* HomeCollectionViewController.swift */ = {isa = PBXFileReference; fileEncoding = 4; lastKnownFileType = sourcecode.swift; path = HomeCollectionViewController.swift; sourceTree = "<group>"; };
		4186CEDB2FAD1CD00045F230 /* League.swift */ = {isa = PBXFileReference; lastKnownFileType = sourcecode.swift; path = League.swift; sourceTree = "<group>"; };
		B315D28C2FA9B412000A70D9 /* SportsApplication.app */ = {isa = PBXFileReference; explicitFileType = wrapper.application; includeInIndex = 0; path = SportsApplication.app; sourceTree = BUILT_PRODUCTS_DIR; };
		B315D28F2FA9B412000A70D9 /* AppDelegate.swift */ = {isa = PBXFileReference; lastKnownFileType = sourcecode.swift; path = AppDelegate.swift; sourceTree = "<group>"; };
		B315D2912FA9B412000A70D9 /* SceneDelegate.swift */ = {isa = PBXFileReference; lastKnownFileType = sourcecode.swift; path = SceneDelegate.swift; sourceTree = "<group>"; };
		B315D2962FA9B412000A70D9 /* Base */ = {isa = PBXFileReference; lastKnownFileType = file.storyboard; name = Base; path = Base.lproj/Main.storyboard; sourceTree = "<group>"; };
		B315D2992FA9B412000A70D9 /* SportsApplication.xcdatamodel */ = {isa = PBXFileReference; lastKnownFileType = wrapper.xcdatamodel; path = SportsApplication.xcdatamodel; sourceTree = "<group>"; };
		B315D29B2FA9B413000A70D9 /* Assets.xcassets */ = {isa = PBXFileReference; lastKnownFileType = folder.assetcatalog; path = Assets.xcassets; sourceTree = "<group>"; };
		B315D29E2FA9B413000A70D9 /* Base */ = {isa = PBXFileReference; lastKnownFileType = file.storyboard; name = Base; path = Base.lproj/LaunchScreen.storyboard; sourceTree = "<group>"; };
		B315D2A02FA9B413000A70D9 /* Info.plist */ = {isa = PBXFileReference; lastKnownFileType = text.plist.xml; path = Info.plist; sourceTree = "<group>"; };
		B315D2A52FA9B413000A70D9 /* SportsApplicationTests.xctest */ = {isa = PBXFileReference; explicitFileType = wrapper.cfbundle; includeInIndex = 0; path = SportsApplicationTests.xctest; sourceTree = BUILT_PRODUCTS_DIR; };
		B315D2A92FA9B414000A70D9 /* SportsApplicationTests.swift */ = {isa = PBXFileReference; lastKnownFileType = sourcecode.swift; path = SportsApplicationTests.swift; sourceTree = "<group>"; };
		B315D2AF2FA9B414000A70D9 /* SportsApplicationUITests.xctest */ = {isa = PBXFileReference; explicitFileType = wrapper.cfbundle; includeInIndex = 0; path = SportsApplicationUITests.xctest; sourceTree = BUILT_PRODUCTS_DIR; };
		B315D2B32FA9B414000A70D9 /* SportsApplicationUITests.swift */ = {isa = PBXFileReference; lastKnownFileType = sourcecode.swift; path = SportsApplicationUITests.swift; sourceTree = "<group>"; };
		B315D2B52FA9B414000A70D9 /* SportsApplicationUITestsLaunchTests.swift */ = {isa = PBXFileReference; lastKnownFileType = sourcecode.swift; path = SportsApplicationUITestsLaunchTests.swift; sourceTree = "<group>"; };
		B37D5BF02FABC750006D897B /* LocalDataManager.swift */ = {isa = PBXFileReference; lastKnownFileType = sourcecode.swift; path = LocalDataManager.swift; sourceTree = "<group>"; };
		B3C796572FAB38B700CB12A1 /* OnboardingPageViewController.swift */ = {isa = PBXFileReference; lastKnownFileType = sourcecode.swift; path = OnboardingPageViewController.swift; sourceTree = "<group>"; };
		B3C796592FAB391100CB12A1 /* OnboardingPresenter.swift */ = {isa = PBXFileReference; lastKnownFileType = sourcecode.swift; path = OnboardingPresenter.swift; sourceTree = "<group>"; };
		B3C7965B2FAB3BA500CB12A1 /* FirstOnboardingViewController.swift */ = {isa = PBXFileReference; lastKnownFileType = sourcecode.swift; path = FirstOnboardingViewController.swift; sourceTree = "<group>"; };
		B3C7965D2FAB3BBB00CB12A1 /* SecondOnboardingViewController.swift */ = {isa = PBXFileReference; lastKnownFileType = sourcecode.swift; path = SecondOnboardingViewController.swift; sourceTree = "<group>"; };
		B3C796602FAB3ED400CB12A1 /* UIColor+Extensions.swift */ = {isa = PBXFileReference; lastKnownFileType = sourcecode.swift; path = "UIColor+Extensions.swift"; sourceTree = "<group>"; };
		B3D2DAF12FACE96C0030E45A /* OnboardingViewProtocol.swift */ = {isa = PBXFileReference; lastKnownFileType = sourcecode.swift; path = OnboardingViewProtocol.swift; sourceTree = "<group>"; };
		B3D2DAF42FACEA840030E45A /* OnboardingPresenterProtocol.swift */ = {isa = PBXFileReference; lastKnownFileType = sourcecode.swift; path = OnboardingPresenterProtocol.swift; sourceTree = "<group>"; };
/* End PBXFileReference section */

/* Begin PBXFrameworksBuildPhase section */
		B315D2892FA9B412000A70D9 /* Frameworks */ = {
			isa = PBXFrameworksBuildPhase;
			buildActionMask = 2147483647;
			files = (
			);
			runOnlyForDeploymentPostprocessing = 0;
		};
		B315D2A22FA9B413000A70D9 /* Frameworks */ = {
			isa = PBXFrameworksBuildPhase;
			buildActionMask = 2147483647;
			files = (
			);
			runOnlyForDeploymentPostprocessing = 0;
		};
		B315D2AC2FA9B414000A70D9 /* Frameworks */ = {
			isa = PBXFrameworksBuildPhase;
			buildActionMask = 2147483647;
			files = (
			);
			runOnlyForDeploymentPostprocessing = 0;
		};
/* End PBXFrameworksBuildPhase section */

/* Begin PBXGroup section */
		411142A42FACB21F00268097 /* Fonts */ = {
			isa = PBXGroup;
			children = (
				411142A92FACB2C800268097 /* Mulish-Bold.ttf */,
				411142A62FACB2C700268097 /* Mulish-ExtraBold.ttf */,
				411142A72FACB2C800268097 /* Mulish-Light.ttf */,
				411142AB2FACB2C900268097 /* Mulish-Medium.ttf */,
				411142AA2FACB2C900268097 /* Mulish-Regular.ttf */,
				411142A82FACB2C800268097 /* Mulish-SemiBold.ttf */,
			);
			path = Fonts;
			sourceTree = "<group>";
		};
		411142B42FACEE5A00268097 /* Home */ = {
			isa = PBXGroup;
			children = (
				411142B52FACEE5A00268097 /* Extension */,
				411142B72FACEE5A00268097 /* Presenter */,
				411142BA2FACEE5A00268097 /* Model */,
				411142BC2FACEE5A00268097 /* View */,
			);
			path = Home;
			sourceTree = "<group>";
		};
		411142B52FACEE5A00268097 /* Extension */ = {
			isa = PBXGroup;
			children = (
				411142B62FACEE5A00268097 /* HomeViewController+CollectionView.swift */,
			);
			path = Extension;
			sourceTree = "<group>";
		};
		411142B72FACEE5A00268097 /* Presenter */ = {
			isa = PBXGroup;
			children = (
				411142B82FACEE5A00268097 /* HomePresenterProtocol.swift */,
				411142B92FACEE5A00268097 /* HomePresenter.swift */,
			);
			path = Presenter;
			sourceTree = "<group>";
		};
		411142BA2FACEE5A00268097 /* Model */ = {
			isa = PBXGroup;
			children = (
				411142BB2FACEE5A00268097 /* Sport.swift */,
			);
			path = Model;
			sourceTree = "<group>";
		};
		411142BC2FACEE5A00268097 /* View */ = {
			isa = PBXGroup;
			children = (
				411142BD2FACEE5A00268097 /* Controller */,
			);
			path = View;
			sourceTree = "<group>";
		};
		411142BD2FACEE5A00268097 /* Controller */ = {
			isa = PBXGroup;
			children = (
				411142BE2FACEE5A00268097 /* HomeCollectionViewCell.swift */,
				411142BF2FACEE5A00268097 /* HomeCollectionViewController.swift */,
			);
			path = Controller;
			sourceTree = "<group>";
		};
		4186CEDD2FAD1CD70045F230 /* Entities */ = {
			isa = PBXGroup;
			children = (
				4186CEDB2FAD1CD00045F230 /* League.swift */,
			);
			path = Entities;
			sourceTree = "<group>";
		};
		B315D2832FA9B412000A70D9 = {
			isa = PBXGroup;
			children = (
				B315D28E2FA9B412000A70D9 /* SportsApplication */,
				B315D2A82FA9B414000A70D9 /* SportsApplicationTests */,
				B315D2B22FA9B414000A70D9 /* SportsApplicationUITests */,
				B315D28D2FA9B412000A70D9 /* Products */,
			);
			sourceTree = "<group>";
		};
		B315D28D2FA9B412000A70D9 /* Products */ = {
			isa = PBXGroup;
			children = (
				B315D28C2FA9B412000A70D9 /* SportsApplication.app */,
				B315D2A52FA9B413000A70D9 /* SportsApplicationTests.xctest */,
				B315D2AF2FA9B414000A70D9 /* SportsApplicationUITests.xctest */,
			);
			name = Products;
			sourceTree = "<group>";
		};
		B315D28E2FA9B412000A70D9 /* SportsApplication */ = {
			isa = PBXGroup;
			children = (
				B315D29B2FA9B413000A70D9 /* Assets.xcassets */,
				B315D2A02FA9B413000A70D9 /* Info.plist */,
				B315D2982FA9B412000A70D9 /* SportsApplication.xcdatamodeld */,
				B3C7965F2FAB3E4300CB12A1 /* Extenstions */,
				B3C7964F2FAB21A300CB12A1 /* View */,
				B3C7964E2FAB216900CB12A1 /* Modules */,
				B3C7964D2FAB20FE00CB12A1 /* Model */,
				B315D28F2FA9B412000A70D9 /* AppDelegate.swift */,
				B315D2912FA9B412000A70D9 /* SceneDelegate.swift */,
			);
			path = SportsApplication;
			sourceTree = "<group>";
		};
		B315D2A82FA9B414000A70D9 /* SportsApplicationTests */ = {
			isa = PBXGroup;
			children = (
				B315D2A92FA9B414000A70D9 /* SportsApplicationTests.swift */,
			);
			path = SportsApplicationTests;
			sourceTree = "<group>";
		};
		B315D2B22FA9B414000A70D9 /* SportsApplicationUITests */ = {
			isa = PBXGroup;
			children = (
				B315D2B32FA9B414000A70D9 /* SportsApplicationUITests.swift */,
				B315D2B52FA9B414000A70D9 /* SportsApplicationUITestsLaunchTests.swift */,
			);
			path = SportsApplicationUITests;
			sourceTree = "<group>";
		};
		B3C7964D2FAB20FE00CB12A1 /* Model */ = {
			isa = PBXGroup;
			children = (
				411142A42FACB21F00268097 /* Fonts */,
				B3C796532FAB222A00CB12A1 /* Services */,
				4186CEDD2FAD1CD70045F230 /* Entities */,
			);
			path = Model;
			sourceTree = "<group>";
		};
		B3C7964E2FAB216900CB12A1 /* Modules */ = {
			isa = PBXGroup;
			children = (
				411142B42FACEE5A00268097 /* Home */,
				B3C796502FAB21F000CB12A1 /* Onboarding */,
			);
			path = Modules;
			sourceTree = "<group>";
		};
		B3C7964F2FAB21A300CB12A1 /* View */ = {
			isa = PBXGroup;
			children = (
				B315D2952FA9B412000A70D9 /* Main.storyboard */,
				B315D29D2FA9B413000A70D9 /* LaunchScreen.storyboard */,
			);
			path = View;
			sourceTree = "<group>";
		};
		B3C796502FAB21F000CB12A1 /* Onboarding */ = {
			isa = PBXGroup;
			children = (
				B3C796552FAB37C600CB12A1 /* View */,
				B3C796542FAB37AA00CB12A1 /* Presenter */,
			);
			path = Onboarding;
			sourceTree = "<group>";
		};
		B3C796532FAB222A00CB12A1 /* Services */ = {
			isa = PBXGroup;
			children = (
				B3D2DAF62FACEB380030E45A /* Local */,
			);
			path = Services;
			sourceTree = "<group>";
		};
		B3C796542FAB37AA00CB12A1 /* Presenter */ = {
			isa = PBXGroup;
			children = (
				B3C796592FAB391100CB12A1 /* OnboardingPresenter.swift */,
				B3D2DAF42FACEA840030E45A /* OnboardingPresenterProtocol.swift */,
			);
			path = Presenter;
			sourceTree = "<group>";
		};
		B3C796552FAB37C600CB12A1 /* View */ = {
			isa = PBXGroup;
			children = (
				B3C796572FAB38B700CB12A1 /* OnboardingPageViewController.swift */,
				B3C7965B2FAB3BA500CB12A1 /* FirstOnboardingViewController.swift */,
				B3C7965D2FAB3BBB00CB12A1 /* SecondOnboardingViewController.swift */,
				B3D2DAF12FACE96C0030E45A /* OnboardingViewProtocol.swift */,
			);
			path = View;
			sourceTree = "<group>";
		};
		B3C7965F2FAB3E4300CB12A1 /* Extenstions */ = {
			isa = PBXGroup;
			children = (
				B3C796602FAB3ED400CB12A1 /* UIColor+Extensions.swift */,
			);
			path = Extenstions;
			sourceTree = "<group>";
		};
		B3D2DAF62FACEB380030E45A /* Local */ = {
			isa = PBXGroup;
			children = (
				B37D5BF02FABC750006D897B /* LocalDataManager.swift */,
			);
			path = Local;
			sourceTree = "<group>";
		};
/* End PBXGroup section */

/* Begin PBXNativeTarget section */
		B315D28B2FA9B412000A70D9 /* SportsApplication */ = {
			isa = PBXNativeTarget;
			buildConfigurationList = B315D2B92FA9B414000A70D9 /* Build configuration list for PBXNativeTarget "SportsApplication" */;
			buildPhases = (
				B315D2882FA9B412000A70D9 /* Sources */,
				B315D2892FA9B412000A70D9 /* Frameworks */,
				B315D28A2FA9B412000A70D9 /* Resources */,
			);
			buildRules = (
			);
			dependencies = (
			);
			name = SportsApplication;
			productName = SportsApplication;
			productReference = B315D28C2FA9B412000A70D9 /* SportsApplication.app */;
			productType = "com.apple.product-type.application";
		};
		B315D2A42FA9B413000A70D9 /* SportsApplicationTests */ = {
			isa = PBXNativeTarget;
			buildConfigurationList = B315D2BC2FA9B414000A70D9 /* Build configuration list for PBXNativeTarget "SportsApplicationTests" */;
			buildPhases = (
				B315D2A12FA9B413000A70D9 /* Sources */,
				B315D2A22FA9B413000A70D9 /* Frameworks */,
				B315D2A32FA9B413000A70D9 /* Resources */,
			);
			buildRules = (
			);
			dependencies = (
				B315D2A72FA9B413000A70D9 /* PBXTargetDependency */,
			);
			name = SportsApplicationTests;
			productName = SportsApplicationTests;
			productReference = B315D2A52FA9B413000A70D9 /* SportsApplicationTests.xctest */;
			productType = "com.apple.product-type.bundle.unit-test";
		};
		B315D2AE2FA9B414000A70D9 /* SportsApplicationUITests */ = {
			isa = PBXNativeTarget;
			buildConfigurationList = B315D2BF2FA9B414000A70D9 /* Build configuration list for PBXNativeTarget "SportsApplicationUITests" */;
			buildPhases = (
				B315D2AB2FA9B414000A70D9 /* Sources */,
				B315D2AC2FA9B414000A70D9 /* Frameworks */,
				B315D2AD2FA9B414000A70D9 /* Resources */,
			);
			buildRules = (
			);
			dependencies = (
				B315D2B12FA9B414000A70D9 /* PBXTargetDependency */,
			);
			name = SportsApplicationUITests;
			productName = SportsApplicationUITests;
			productReference = B315D2AF2FA9B414000A70D9 /* SportsApplicationUITests.xctest */;
			productType = "com.apple.product-type.bundle.ui-testing";
		};
/* End PBXNativeTarget section */

/* Begin PBXProject section */
		B315D2842FA9B412000A70D9 /* Project object */ = {
			isa = PBXProject;
			attributes = {
				BuildIndependentTargetsInParallel = 1;
				LastSwiftUpdateCheck = 1320;
				LastUpgradeCheck = 1320;
				TargetAttributes = {
					B315D28B2FA9B412000A70D9 = {
						CreatedOnToolsVersion = 13.2.1;
					};
					B315D2A42FA9B413000A70D9 = {
						CreatedOnToolsVersion = 13.2.1;
						TestTargetID = B315D28B2FA9B412000A70D9;
					};
					B315D2AE2FA9B414000A70D9 = {
						CreatedOnToolsVersion = 13.2.1;
						TestTargetID = B315D28B2FA9B412000A70D9;
					};
				};
			};
			buildConfigurationList = B315D2872FA9B412000A70D9 /* Build configuration list for PBXProject "SportsApplication" */;
			compatibilityVersion = "Xcode 13.0";
			developmentRegion = en;
			hasScannedForEncodings = 0;
			knownRegions = (
				en,
				Base,
			);
			mainGroup = B315D2832FA9B412000A70D9;
			productRefGroup = B315D28D2FA9B412000A70D9 /* Products */;
			projectDirPath = "";
			projectRoot = "";
			targets = (
				B315D28B2FA9B412000A70D9 /* SportsApplication */,
				B315D2A42FA9B413000A70D9 /* SportsApplicationTests */,
				B315D2AE2FA9B414000A70D9 /* SportsApplicationUITests */,
			);
		};
/* End PBXProject section */

/* Begin PBXResourcesBuildPhase section */
		B315D28A2FA9B412000A70D9 /* Resources */ = {
			isa = PBXResourcesBuildPhase;
			buildActionMask = 2147483647;
			files = (
				411142AD2FACB2C900268097 /* Mulish-ExtraBold.ttf in Resources */,
				411142AE2FACB2C900268097 /* Mulish-Light.ttf in Resources */,
				411142B02FACB2C900268097 /* Mulish-Bold.ttf in Resources */,
				411142AF2FACB2C900268097 /* Mulish-SemiBold.ttf in Resources */,
				B315D29F2FA9B413000A70D9 /* LaunchScreen.storyboard in Resources */,
				411142B12FACB2C900268097 /* Mulish-Regular.ttf in Resources */,
				411142B22FACB2C900268097 /* Mulish-Medium.ttf in Resources */,
				B315D29C2FA9B413000A70D9 /* Assets.xcassets in Resources */,
				B315D2972FA9B412000A70D9 /* Main.storyboard in Resources */,
			);
			runOnlyForDeploymentPostprocessing = 0;
		};
		B315D2A32FA9B413000A70D9 /* Resources */ = {
			isa = PBXResourcesBuildPhase;
			buildActionMask = 2147483647;
			files = (
			);
			runOnlyForDeploymentPostprocessing = 0;
		};
		B315D2AD2FA9B414000A70D9 /* Resources */ = {
			isa = PBXResourcesBuildPhase;
			buildActionMask = 2147483647;
			files = (
			);
			runOnlyForDeploymentPostprocessing = 0;
		};
/* End PBXResourcesBuildPhase section */

/* Begin PBXSourcesBuildPhase section */
		B315D2882FA9B412000A70D9 /* Sources */ = {
			isa = PBXSourcesBuildPhase;
			buildActionMask = 2147483647;
			files = (
				B3D2DAF22FACE96C0030E45A /* OnboardingViewProtocol.swift in Sources */,
				B3C796612FAB3ED400CB12A1 /* UIColor+Extensions.swift in Sources */,
				411142C32FACEE5B00268097 /* HomePresenterProtocol.swift in Sources */,
				B315D29A2FA9B412000A70D9 /* SportsApplication.xcdatamodeld in Sources */,
				B37D5BF12FABC750006D897B /* LocalDataManager.swift in Sources */,
				411142C02FACEE5A00268097 /* HomeViewController+CollectionView.swift in Sources */,
				B3C796582FAB38B700CB12A1 /* OnboardingPageViewController.swift in Sources */,
				411142CF2FACEE5B00268097 /* HomeCollectionViewController.swift in Sources */,
				411142CC2FACEE5B00268097 /* HomeCollectionViewCell.swift in Sources */,
				411142C62FACEE5B00268097 /* HomePresenter.swift in Sources */,
				4186CEDC2FAD1CD00045F230 /* League.swift in Sources */,
				B3C7965A2FAB391100CB12A1 /* OnboardingPresenter.swift in Sources */,
				B315D2902FA9B412000A70D9 /* AppDelegate.swift in Sources */,
				411142C92FACEE5B00268097 /* Sport.swift in Sources */,
				B3C7965E2FAB3BBB00CB12A1 /* SecondOnboardingViewController.swift in Sources */,
				B315D2922FA9B412000A70D9 /* SceneDelegate.swift in Sources */,
				B3C7965C2FAB3BA500CB12A1 /* FirstOnboardingViewController.swift in Sources */,
				B3D2DAF52FACEA840030E45A /* OnboardingPresenterProtocol.swift in Sources */,
			);
			runOnlyForDeploymentPostprocessing = 0;
		};
		B315D2A12FA9B413000A70D9 /* Sources */ = {
			isa = PBXSourcesBuildPhase;
			buildActionMask = 2147483647;
			files = (
				411142CA2FACEE5B00268097 /* Sport.swift in Sources */,
				411142C42FACEE5B00268097 /* HomePresenterProtocol.swift in Sources */,
				411142C12FACEE5A00268097 /* HomeViewController+CollectionView.swift in Sources */,
				B315D2AA2FA9B414000A70D9 /* SportsApplicationTests.swift in Sources */,
				411142D02FACEE5B00268097 /* HomeCollectionViewController.swift in Sources */,
				411142C72FACEE5B00268097 /* HomePresenter.swift in Sources */,
				411142CD2FACEE5B00268097 /* HomeCollectionViewCell.swift in Sources */,
			);
			runOnlyForDeploymentPostprocessing = 0;
		};
		B315D2AB2FA9B414000A70D9 /* Sources */ = {
			isa = PBXSourcesBuildPhase;
			buildActionMask = 2147483647;
			files = (
				411142CE2FACEE5B00268097 /* HomeCollectionViewCell.swift in Sources */,
				B315D2B62FA9B414000A70D9 /* SportsApplicationUITestsLaunchTests.swift in Sources */,
				411142C52FACEE5B00268097 /* HomePresenterProtocol.swift in Sources */,
				411142C22FACEE5B00268097 /* HomeViewController+CollectionView.swift in Sources */,
				411142C82FACEE5B00268097 /* HomePresenter.swift in Sources */,
				411142D12FACEE5B00268097 /* HomeCollectionViewController.swift in Sources */,
				411142CB2FACEE5B00268097 /* Sport.swift in Sources */,
				B315D2B42FA9B414000A70D9 /* SportsApplicationUITests.swift in Sources */,
			);
			runOnlyForDeploymentPostprocessing = 0;
		};
/* End PBXSourcesBuildPhase section */

/* Begin PBXTargetDependency section */
		B315D2A72FA9B413000A70D9 /* PBXTargetDependency */ = {
			isa = PBXTargetDependency;
			target = B315D28B2FA9B412000A70D9 /* SportsApplication */;
			targetProxy = B315D2A62FA9B413000A70D9 /* PBXContainerItemProxy */;
		};
		B315D2B12FA9B414000A70D9 /* PBXTargetDependency */ = {
			isa = PBXTargetDependency;
			target = B315D28B2FA9B412000A70D9 /* SportsApplication */;
			targetProxy = B315D2B02FA9B414000A70D9 /* PBXContainerItemProxy */;
		};
/* End PBXTargetDependency section */

/* Begin PBXVariantGroup section */
		B315D2952FA9B412000A70D9 /* Main.storyboard */ = {
			isa = PBXVariantGroup;
			children = (
				B315D2962FA9B412000A70D9 /* Base */,
			);
			name = Main.storyboard;
			sourceTree = "<group>";
		};
		B315D29D2FA9B413000A70D9 /* LaunchScreen.storyboard */ = {
			isa = PBXVariantGroup;
			children = (
				B315D29E2FA9B413000A70D9 /* Base */,
			);
			name = LaunchScreen.storyboard;
			sourceTree = "<group>";
		};
/* End PBXVariantGroup section */

/* Begin XCBuildConfiguration section */
		B315D2B72FA9B414000A70D9 /* Debug */ = {
			isa = XCBuildConfiguration;
			buildSettings = {
				ALWAYS_SEARCH_USER_PATHS = NO;
				CLANG_ANALYZER_NONNULL = YES;
				CLANG_ANALYZER_NUMBER_OBJECT_CONVERSION = YES_AGGRESSIVE;
				CLANG_CXX_LANGUAGE_STANDARD = "gnu++17";
				CLANG_CXX_LIBRARY = "libc++";
				CLANG_ENABLE_MODULES = YES;
				CLANG_ENABLE_OBJC_ARC = YES;
				CLANG_ENABLE_OBJC_WEAK = YES;
				CLANG_WARN_BLOCK_CAPTURE_AUTORELEASING = YES;
				CLANG_WARN_BOOL_CONVERSION = YES;
				CLANG_WARN_COMMA = YES;
				CLANG_WARN_CONSTANT_CONVERSION = YES;
				CLANG_WARN_DEPRECATED_OBJC_IMPLEMENTATIONS = YES;
				CLANG_WARN_DIRECT_OBJC_ISA_USAGE = YES_ERROR;
				CLANG_WARN_DOCUMENTATION_COMMENTS = YES;
				CLANG_WARN_EMPTY_BODY = YES;
				CLANG_WARN_ENUM_CONVERSION = YES;
				CLANG_WARN_INFINITE_RECURSION = YES;
				CLANG_WARN_INT_CONVERSION = YES;
				CLANG_WARN_NON_LITERAL_NULL_CONVERSION = YES;
				CLANG_WARN_OBJC_IMPLICIT_RETAIN_SELF = YES;
				CLANG_WARN_OBJC_LITERAL_CONVERSION = YES;
				CLANG_WARN_OBJC_ROOT_CLASS = YES_ERROR;
				CLANG_WARN_QUOTED_INCLUDE_IN_FRAMEWORK_HEADER = YES;
				CLANG_WARN_RANGE_LOOP_ANALYSIS = YES;
				CLANG_WARN_STRICT_PROTOTYPES = YES;
				CLANG_WARN_SUSPICIOUS_MOVE = YES;
				CLANG_WARN_UNGUARDED_AVAILABILITY = YES_AGGRESSIVE;
				CLANG_WARN_UNREACHABLE_CODE = YES;
				CLANG_WARN__DUPLICATE_METHOD_MATCH = YES;
				COPY_PHASE_STRIP = NO;
				DEBUG_INFORMATION_FORMAT = dwarf;
				ENABLE_STRICT_OBJC_MSGSEND = YES;
				ENABLE_TESTABILITY = YES;
				GCC_C_LANGUAGE_STANDARD = gnu11;
				GCC_DYNAMIC_NO_PIC = NO;
				GCC_NO_COMMON_BLOCKS = YES;
				GCC_OPTIMIZATION_LEVEL = 0;
				GCC_PREPROCESSOR_DEFINITIONS = (
					"DEBUG=1",
					"$(inherited)",
				);
				GCC_WARN_64_TO_32_BIT_CONVERSION = YES;
				GCC_WARN_ABOUT_RETURN_TYPE = YES_ERROR;
				GCC_WARN_UNDECLARED_SELECTOR = YES;
				GCC_WARN_UNINITIALIZED_AUTOS = YES_AGGRESSIVE;
				GCC_WARN_UNUSED_FUNCTION = YES;
				GCC_WARN_UNUSED_VARIABLE = YES;
				IPHONEOS_DEPLOYMENT_TARGET = 15.2;
				MTL_ENABLE_DEBUG_INFO = INCLUDE_SOURCE;
				MTL_FAST_MATH = YES;
				ONLY_ACTIVE_ARCH = YES;
				SDKROOT = iphoneos;
				SWIFT_ACTIVE_COMPILATION_CONDITIONS = DEBUG;
				SWIFT_OPTIMIZATION_LEVEL = "-Onone";
			};
			name = Debug;
		};
		B315D2B82FA9B414000A70D9 /* Release */ = {
			isa = XCBuildConfiguration;
			buildSettings = {
				ALWAYS_SEARCH_USER_PATHS = NO;
				CLANG_ANALYZER_NONNULL = YES;
				CLANG_ANALYZER_NUMBER_OBJECT_CONVERSION = YES_AGGRESSIVE;
				CLANG_CXX_LANGUAGE_STANDARD = "gnu++17";
				CLANG_CXX_LIBRARY = "libc++";
				CLANG_ENABLE_MODULES = YES;
				CLANG_ENABLE_OBJC_ARC = YES;
				CLANG_ENABLE_OBJC_WEAK = YES;
				CLANG_WARN_BLOCK_CAPTURE_AUTORELEASING = YES;
				CLANG_WARN_BOOL_CONVERSION = YES;
				CLANG_WARN_COMMA = YES;
				CLANG_WARN_CONSTANT_CONVERSION = YES;
				CLANG_WARN_DEPRECATED_OBJC_IMPLEMENTATIONS = YES;
				CLANG_WARN_DIRECT_OBJC_ISA_USAGE = YES_ERROR;
				CLANG_WARN_DOCUMENTATION_COMMENTS = YES;
				CLANG_WARN_EMPTY_BODY = YES;
				CLANG_WARN_ENUM_CONVERSION = YES;
				CLANG_WARN_INFINITE_RECURSION = YES;
				CLANG_WARN_INT_CONVERSION = YES;
				CLANG_WARN_NON_LITERAL_NULL_CONVERSION = YES;
				CLANG_WARN_OBJC_IMPLICIT_RETAIN_SELF = YES;
				CLANG_WARN_OBJC_LITERAL_CONVERSION = YES;
				CLANG_WARN_OBJC_ROOT_CLASS = YES_ERROR;
				CLANG_WARN_QUOTED_INCLUDE_IN_FRAMEWORK_HEADER = YES;
				CLANG_WARN_RANGE_LOOP_ANALYSIS = YES;
				CLANG_WARN_STRICT_PROTOTYPES = YES;
				CLANG_WARN_SUSPICIOUS_MOVE = YES;
				CLANG_WARN_UNGUARDED_AVAILABILITY = YES_AGGRESSIVE;
				CLANG_WARN_UNREACHABLE_CODE = YES;
				CLANG_WARN__DUPLICATE_METHOD_MATCH = YES;
				COPY_PHASE_STRIP = NO;
				DEBUG_INFORMATION_FORMAT = "dwarf-with-dsym";
				ENABLE_NS_ASSERTIONS = NO;
				ENABLE_STRICT_OBJC_MSGSEND = YES;
				GCC_C_LANGUAGE_STANDARD = gnu11;
				GCC_NO_COMMON_BLOCKS = YES;
				GCC_WARN_64_TO_32_BIT_CONVERSION = YES;
				GCC_WARN_ABOUT_RETURN_TYPE = YES_ERROR;
				GCC_WARN_UNDECLARED_SELECTOR = YES;
				GCC_WARN_UNINITIALIZED_AUTOS = YES_AGGRESSIVE;
				GCC_WARN_UNUSED_FUNCTION = YES;
				GCC_WARN_UNUSED_VARIABLE = YES;
				IPHONEOS_DEPLOYMENT_TARGET = 15.2;
				MTL_ENABLE_DEBUG_INFO = NO;
				MTL_FAST_MATH = YES;
				SDKROOT = iphoneos;
				SWIFT_COMPILATION_MODE = wholemodule;
				SWIFT_OPTIMIZATION_LEVEL = "-O";
				VALIDATE_PRODUCT = YES;
			};
			name = Release;
		};
		B315D2BA2FA9B414000A70D9 /* Debug */ = {
			isa = XCBuildConfiguration;
			buildSettings = {
				ASSETCATALOG_COMPILER_APPICON_NAME = AppIcon;
				ASSETCATALOG_COMPILER_GLOBAL_ACCENT_COLOR_NAME = AccentColor;
				CODE_SIGN_STYLE = Automatic;
				CURRENT_PROJECT_VERSION = 1;
				GENERATE_INFOPLIST_FILE = YES;
				INFOPLIST_FILE = SportsApplication/Info.plist;
				INFOPLIST_KEY_UIApplicationSupportsIndirectInputEvents = YES;
				INFOPLIST_KEY_UILaunchStoryboardName = LaunchScreen;
				INFOPLIST_KEY_UIMainStoryboardFile = Main;
				INFOPLIST_KEY_UISupportedInterfaceOrientations_iPad = "UIInterfaceOrientationPortrait UIInterfaceOrientationPortraitUpsideDown UIInterfaceOrientationLandscapeLeft UIInterfaceOrientationLandscapeRight";
				INFOPLIST_KEY_UISupportedInterfaceOrientations_iPhone = "UIInterfaceOrientationPortrait UIInterfaceOrientationLandscapeLeft UIInterfaceOrientationLandscapeRight";
				LD_RUNPATH_SEARCH_PATHS = (
					"$(inherited)",
					"@executable_path/Frameworks",
				);
				MARKETING_VERSION = 1.0;
				PRODUCT_BUNDLE_IDENTIFIER = iti.SportsApplication;
				PRODUCT_NAME = "$(TARGET_NAME)";
				SWIFT_EMIT_LOC_STRINGS = YES;
				SWIFT_VERSION = 5.0;
				TARGETED_DEVICE_FAMILY = "1,2";
			};
			name = Debug;
		};
		B315D2BB2FA9B414000A70D9 /* Release */ = {
			isa = XCBuildConfiguration;
			buildSettings = {
				ASSETCATALOG_COMPILER_APPICON_NAME = AppIcon;
				ASSETCATALOG_COMPILER_GLOBAL_ACCENT_COLOR_NAME = AccentColor;
				CODE_SIGN_STYLE = Automatic;
				CURRENT_PROJECT_VERSION = 1;
				GENERATE_INFOPLIST_FILE = YES;
				INFOPLIST_FILE = SportsApplication/Info.plist;
				INFOPLIST_KEY_UIApplicationSupportsIndirectInputEvents = YES;
				INFOPLIST_KEY_UILaunchStoryboardName = LaunchScreen;
				INFOPLIST_KEY_UIMainStoryboardFile = Main;
				INFOPLIST_KEY_UISupportedInterfaceOrientations_iPad = "UIInterfaceOrientationPortrait UIInterfaceOrientationPortraitUpsideDown UIInterfaceOrientationLandscapeLeft UIInterfaceOrientationLandscapeRight";
				INFOPLIST_KEY_UISupportedInterfaceOrientations_iPhone = "UIInterfaceOrientationPortrait UIInterfaceOrientationLandscapeLeft UIInterfaceOrientationLandscapeRight";
				LD_RUNPATH_SEARCH_PATHS = (
					"$(inherited)",
					"@executable_path/Frameworks",
				);
				MARKETING_VERSION = 1.0;
				PRODUCT_BUNDLE_IDENTIFIER = iti.SportsApplication;
				PRODUCT_NAME = "$(TARGET_NAME)";
				SWIFT_EMIT_LOC_STRINGS = YES;
				SWIFT_VERSION = 5.0;
				TARGETED_DEVICE_FAMILY = "1,2";
			};
			name = Release;
		};
		B315D2BD2FA9B414000A70D9 /* Debug */ = {
			isa = XCBuildConfiguration;
			buildSettings = {
				ALWAYS_EMBED_SWIFT_STANDARD_LIBRARIES = YES;
				BUNDLE_LOADER = "$(TEST_HOST)";
				CODE_SIGN_STYLE = Automatic;
				CURRENT_PROJECT_VERSION = 1;
				GENERATE_INFOPLIST_FILE = YES;
				IPHONEOS_DEPLOYMENT_TARGET = 15.2;
				MARKETING_VERSION = 1.0;
				PRODUCT_BUNDLE_IDENTIFIER = iti.SportsApplicationTests;
				PRODUCT_NAME = "$(TARGET_NAME)";
				SWIFT_EMIT_LOC_STRINGS = NO;
				SWIFT_VERSION = 5.0;
				TARGETED_DEVICE_FAMILY = "1,2";
				TEST_HOST = "$(BUILT_PRODUCTS_DIR)/SportsApplication.app/SportsApplication";
			};
			name = Debug;
		};
		B315D2BE2FA9B414000A70D9 /* Release */ = {
			isa = XCBuildConfiguration;
			buildSettings = {
				ALWAYS_EMBED_SWIFT_STANDARD_LIBRARIES = YES;
				BUNDLE_LOADER = "$(TEST_HOST)";
				CODE_SIGN_STYLE = Automatic;
				CURRENT_PROJECT_VERSION = 1;
				GENERATE_INFOPLIST_FILE = YES;
				IPHONEOS_DEPLOYMENT_TARGET = 15.2;
				MARKETING_VERSION = 1.0;
				PRODUCT_BUNDLE_IDENTIFIER = iti.SportsApplicationTests;
				PRODUCT_NAME = "$(TARGET_NAME)";
				SWIFT_EMIT_LOC_STRINGS = NO;
				SWIFT_VERSION = 5.0;
				TARGETED_DEVICE_FAMILY = "1,2";
				TEST_HOST = "$(BUILT_PRODUCTS_DIR)/SportsApplication.app/SportsApplication";
			};
			name = Release;
		};
		B315D2C02FA9B414000A70D9 /* Debug */ = {
			isa = XCBuildConfiguration;
			buildSettings = {
				ALWAYS_EMBED_SWIFT_STANDARD_LIBRARIES = YES;
				CODE_SIGN_STYLE = Automatic;
				CURRENT_PROJECT_VERSION = 1;
				GENERATE_INFOPLIST_FILE = YES;
				MARKETING_VERSION = 1.0;
				PRODUCT_BUNDLE_IDENTIFIER = iti.SportsApplicationUITests;
				PRODUCT_NAME = "$(TARGET_NAME)";
				SWIFT_EMIT_LOC_STRINGS = NO;
				SWIFT_VERSION = 5.0;
				TARGETED_DEVICE_FAMILY = "1,2";
				TEST_TARGET_NAME = SportsApplication;
			};
			name = Debug;
		};
		B315D2C12FA9B414000A70D9 /* Release */ = {
			isa = XCBuildConfiguration;
			buildSettings = {
				ALWAYS_EMBED_SWIFT_STANDARD_LIBRARIES = YES;
				CODE_SIGN_STYLE = Automatic;
				CURRENT_PROJECT_VERSION = 1;
				GENERATE_INFOPLIST_FILE = YES;
				MARKETING_VERSION = 1.0;
				PRODUCT_BUNDLE_IDENTIFIER = iti.SportsApplicationUITests;
				PRODUCT_NAME = "$(TARGET_NAME)";
				SWIFT_EMIT_LOC_STRINGS = NO;
				SWIFT_VERSION = 5.0;
				TARGETED_DEVICE_FAMILY = "1,2";
				TEST_TARGET_NAME = SportsApplication;
			};
			name = Release;
		};
/* End XCBuildConfiguration section */

/* Begin XCConfigurationList section */
		B315D2872FA9B412000A70D9 /* Build configuration list for PBXProject "SportsApplication" */ = {
			isa = XCConfigurationList;
			buildConfigurations = (
				B315D2B72FA9B414000A70D9 /* Debug */,
				B315D2B82FA9B414000A70D9 /* Release */,
			);
			defaultConfigurationIsVisible = 0;
			defaultConfigurationName = Release;
		};
		B315D2B92FA9B414000A70D9 /* Build configuration list for PBXNativeTarget "SportsApplication" */ = {
			isa = XCConfigurationList;
			buildConfigurations = (
				B315D2BA2FA9B414000A70D9 /* Debug */,
				B315D2BB2FA9B414000A70D9 /* Release */,
			);
			defaultConfigurationIsVisible = 0;
			defaultConfigurationName = Release;
		};
		B315D2BC2FA9B414000A70D9 /* Build configuration list for PBXNativeTarget "SportsApplicationTests" */ = {
			isa = XCConfigurationList;
			buildConfigurations = (
				B315D2BD2FA9B414000A70D9 /* Debug */,
				B315D2BE2FA9B414000A70D9 /* Release */,
			);
			defaultConfigurationIsVisible = 0;
			defaultConfigurationName = Release;
		};
		B315D2BF2FA9B414000A70D9 /* Build configuration list for PBXNativeTarget "SportsApplicationUITests" */ = {
			isa = XCConfigurationList;
			buildConfigurations = (
				B315D2C02FA9B414000A70D9 /* Debug */,
				B315D2C12FA9B414000A70D9 /* Release */,
			);
			defaultConfigurationIsVisible = 0;
			defaultConfigurationName = Release;
		};
/* End XCConfigurationList section */

/* Begin XCVersionGroup section */
		B315D2982FA9B412000A70D9 /* SportsApplication.xcdatamodeld */ = {
			isa = XCVersionGroup;
			children = (
				B315D2992FA9B412000A70D9 /* SportsApplication.xcdatamodel */,
			);
			currentVersion = B315D2992FA9B412000A70D9 /* SportsApplication.xcdatamodel */;
			path = SportsApplication.xcdatamodeld;
			sourceTree = "<group>";
			versionGroupType = wrapper.xcdatamodel;
		};
/* End XCVersionGroup section */
	};
	rootObject = B315D2842FA9B412000A70D9 /* Project object */;
}
