// !$*UTF8*$!
{
	archiveVersion = 1;
	classes = {
	};
	objectVersion = 55;
	objects = {

/* Begin PBXBuildFile section */
		B315D2902FA9B412000A70D9 /* AppDelegate.swift in Sources */ = {isa = PBXBuildFile; fileRef = B315D28F2FA9B412000A70D9 /* AppDelegate.swift */; };
		B315D2922FA9B412000A70D9 /* SceneDelegate.swift in Sources */ = {isa = PBXBuildFile; fileRef = B315D2912FA9B412000A70D9 /* SceneDelegate.swift */; };
		B315D2942FA9B412000A70D9 /* ViewController.swift in Sources */ = {isa = PBXBuildFile; fileRef = B315D2932FA9B412000A70D9 /* ViewController.swift */; };
		B315D2972FA9B412000A70D9 /* Main.storyboard in Resources */ = {isa = PBXBuildFile; fileRef = B315D2952FA9B412000A70D9 /* Main.storyboard */; };
		B315D29A2FA9B412000A70D9 /* SportsApplication.xcdatamodeld in Sources */ = {isa = PBXBuildFile; fileRef = B315D2982FA9B412000A70D9 /* SportsApplication.xcdatamodeld */; };
		B315D29C2FA9B413000A70D9 /* Assets.xcassets in Resources */ = {isa = PBXBuildFile; fileRef = B315D29B2FA9B413000A70D9 /* Assets.xcassets */; };
		B315D29F2FA9B413000A70D9 /* LaunchScreen.storyboard in Resources */ = {isa = PBXBuildFile; fileRef = B315D29D2FA9B413000A70D9 /* LaunchScreen.storyboard */; };
		B315D2AA2FA9B414000A70D9 /* SportsApplicationTests.swift in Sources */ = {isa = PBXBuildFile; fileRef = B315D2A92FA9B414000A70D9 /* SportsApplicationTests.swift */; };
		B315D2B42FA9B414000A70D9 /* SportsApplicationUITests.swift in Sources */ = {isa = PBXBuildFile; fileRef = B315D2B32FA9B414000A70D9 /* SportsApplicationUITests.swift */; };
		B315D2B62FA9B414000A70D9 /* SportsApplicationUITestsLaunchTests.swift in Sources */ = {isa = PBXBuildFile; fileRef = B315D2B52FA9B414000A70D9 /* SportsApplicationUITestsLaunchTests.swift */; };
/* End PBXBuildFile section */

/* Begin PBXContainerItemProxy section */
		B315D2A62FA9B413000A70D9 /* PBXContainerItemProxy */ = {
			isa = PBXContainerItemProxy;
			containerPortal = B315D2842FA9B412000A70D9 /* Project object */;
			proxyType = 1;
			remoteGlobalIDString = B315D28B2FA9B412000A70D9;
			remoteInfo = SportsApplication;
		};
		B315D2B02FA9B414000A70D9 /* PBXContainerItemProxy */ = {
			isa = PBXContainerItemProxy;
			containerPortal = B315D2842FA9B412000A70D9 /* Project object */;
			proxyType = 1;
			remoteGlobalIDString = B315D28B2FA9B412000A70D9;
			remoteInfo = SportsApplication;
		};
/* End PBXContainerItemProxy section */

/* Begin PBXFileReference section */
		B315D28C2FA9B412000A70D9 /* SportsApplication.app */ = {isa = PBXFileReference; explicitFileType = wrapper.application; includeInIndex = 0; path = SportsApplication.app; sourceTree = BUILT_PRODUCTS_DIR; };
		B315D28F2FA9B412000A70D9 /* AppDelegate.swift */ = {isa = PBXFileReference; lastKnownFileType = sourcecode.swift; path = AppDelegate.swift; sourceTree = "<group>"; };
		B315D2912FA9B412000A70D9 /* SceneDelegate.swift */ = {isa = PBXFileReference; lastKnownFileType = sourcecode.swift; path = SceneDelegate.swift; sourceTree = "<group>"; };
		B315D2932FA9B412000A70D9 /* ViewController.swift */ = {isa = PBXFileReference; lastKnownFileType = sourcecode.swift; path = ViewController.swift; sourceTree = "<group>"; };
		B315D2962FA9B412000A70D9 /* Base */ = {isa = PBXFileReference; lastKnownFileType = file.storyboard; name = Base; path = Base.lproj/Main.storyboard; sourceTree = "<group>"; };
		B315D2992FA9B412000A70D9 /* SportsApplication.xcdatamodel */ = {isa = PBXFileReference; lastKnownFileType = wrapper.xcdatamodel; path = SportsApplication.xcdatamodel; sourceTree = "<group>"; };
		B315D29B2FA9B413000A70D9 /* Assets.xcassets */ = {isa = PBXFileReference; lastKnownFileType = folder.assetcatalog; path = Assets.xcassets; sourceTree = "<group>"; };
		B315D29E2FA9B413000A70D9 /* Base */ = {isa = PBXFileReference; lastKnownFileType = file.storyboard; name = Base; path = Base.lproj/LaunchScreen.storyboard; sourceTree = "<group>"; };
		B315D2A02FA9B413000A70D9 /* Info.plist */ = {isa = PBXFileReference; lastKnownFileType = text.plist.xml; path = Info.plist; sourceTree = "<group>"; };
		B315D2A52FA9B413000A70D9 /* SportsApplicationTests.xctest */ = {isa = PBXFileReference; explicitFileType = wrapper.cfbundle; includeInIndex = 0; path = SportsApplicationTests.xctest; sourceTree = BUILT_PRODUCTS_DIR; };
		B315D2A92FA9B414000A70D9 /* SportsApplicationTests.swift */ = {isa = PBXFileReference; lastKnownFileType = sourcecode.swift; path = SportsApplicationTests.swift; sourceTree = "<group>"; };
		B315D2AF2FA9B414000A70D9 /* SportsApplicationUITests.xctest */ = {isa = PBXFileReference; explicitFileType = wrapper.cfbundle; includeInIndex = 0; path = SportsApplicationUITests.xctest; sourceTree = BUILT_PRODUCTS_DIR; };
		B315D2B32FA9B414000A70D9 /* SportsApplicationUITests.swift */ = {isa = PBXFileReference; lastKnownFileType = sourcecode.swift; path = SportsApplicationUITests.swift; sourceTree = "<group>"; };
		B315D2B52FA9B414000A70D9 /* SportsApplicationUITestsLaunchTests.swift */ = {isa = PBXFileReference; lastKnownFileType = sourcecode.swift; path = SportsApplicationUITestsLaunchTests.swift; sourceTree = "<group>"; };
/* End PBXFileReference section */

/* Begin PBXFrameworksBuildPhase section */
		B315D2892FA9B412000A70D9 /* Frameworks */ = {
			isa = PBXFrameworksBuildPhase;
			buildActionMask = 2147483647;
			files = (
			);
			runOnlyForDeploymentPostprocessing = 0;
		};
		B315D2A22FA9B413000A70D9 /* Frameworks */ = {
			isa = PBXFrameworksBuildPhase;
			buildActionMask = 2147483647;
			files = (
			);
			runOnlyForDeploymentPostprocessing = 0;
		};
		B315D2AC2FA9B414000A70D9 /* Frameworks */ = {
			isa = PBXFrameworksBuildPhase;
			buildActionMask = 2147483647;
			files = (
			);
			runOnlyForDeploymentPostprocessing = 0;
		};
/* End PBXFrameworksBuildPhase section */

/* Begin PBXGroup section */
		B315D2832FA9B412000A70D9 = {
			isa = PBXGroup;
			children = (
				B315D28E2FA9B412000A70D9 /* SportsApplication */,
				B315D2A82FA9B414000A70D9 /* SportsApplicationTests */,
				B315D2B22FA9B414000A70D9 /* SportsApplicationUITests */,
				B315D28D2FA9B412000A70D9 /* Products */,
			);
			sourceTree = "<group>";
		};
		B315D28D2FA9B412000A70D9 /* Products */ = {
			isa = PBXGroup;
			children = (
				B315D28C2FA9B412000A70D9 /* SportsApplication.app */,
				B315D2A52FA9B413000A70D9 /* SportsApplicationTests.xctest */,
				B315D2AF2FA9B414000A70D9 /* SportsApplicationUITests.xctest */,
			);
			name = Products;
			sourceTree = "<group>";
		};
		B315D28E2FA9B412000A70D9 /* SportsApplication */ = {
			isa = PBXGroup;
			children = (
				B3C7964F2FAB21A300CB12A1 /* View */,
				B3C7964E2FAB216900CB12A1 /* Modules */,
				B3C7964D2FAB20FE00CB12A1 /* Model */,
				B315D28F2FA9B412000A70D9 /* AppDelegate.swift */,
				B315D2912FA9B412000A70D9 /* SceneDelegate.swift */,
				B315D2932FA9B412000A70D9 /* ViewController.swift */,
				B315D29B2FA9B413000A70D9 /* Assets.xcassets */,
				B315D2A02FA9B413000A70D9 /* Info.plist */,
				B315D2982FA9B412000A70D9 /* SportsApplication.xcdatamodeld */,
			);
			path = SportsApplication;
			sourceTree = "<group>";
		};
		B315D2A82FA9B414000A70D9 /* SportsApplicationTests */ = {
			isa = PBXGroup;
			children = (
				B315D2A92FA9B414000A70D9 /* SportsApplicationTests.swift */,
			);
			path = SportsApplicationTests;
			sourceTree = "<group>";
		};
		B315D2B22FA9B414000A70D9 /* SportsApplicationUITests */ = {
			isa = PBXGroup;
			children = (
				B315D2B32FA9B414000A70D9 /* SportsApplicationUITests.swift */,
				B315D2B52FA9B414000A70D9 /* SportsApplicationUITestsLaunchTests.swift */,
			);
			path = SportsApplicationUITests;
			sourceTree = "<group>";
		};
		B3C7964D2FAB20FE00CB12A1 /* Model */ = {
			isa = PBXGroup;
			children = (
				B3C796532FAB222A00CB12A1 /* Services */,
				B3C796522FAB221600CB12A1 /* Entities */,
			);
			path = Model;
			sourceTree = "<group>";
		};
		B3C7964E2FAB216900CB12A1 /* Modules */ = {
			isa = PBXGroup;
			children = (
				B3C796512FAB220600CB12A1 /* Home */,
				B3C796502FAB21F000CB12A1 /* Onboadrding */,
			);
			path = Modules;
			sourceTree = "<group>";
		};
		B3C7964F2FAB21A300CB12A1 /* View */ = {
			isa = PBXGroup;
			children = (
				B315D29D2FA9B413000A70D9 /* LaunchScreen.storyboard */,
				B315D2952FA9B412000A70D9 /* Main.storyboard */,
			);
			path = View;
			sourceTree = "<group>";
		};
		B3C796502FAB21F000CB12A1 /* Onboadrding */ = {
			isa = PBXGroup;
			children = (
			);
			path = Onboadrding;
			sourceTree = "<group>";
		};
		B3C796512FAB220600CB12A1 /* Home */ = {
			isa = PBXGroup;
			children = (
			);
			path = Home;
			sourceTree = "<group>";
		};
		B3C796522FAB221600CB12A1 /* Entities */ = {
			isa = PBXGroup;
			children = (
			);
			path = Entities;
			sourceTree = "<group>";
		};
		B3C796532FAB222A00CB12A1 /* Services */ = {
			isa = PBXGroup;
			children = (
			);
			path = Services;
			sourceTree = "<group>";
		};
/* End PBXGroup section */

/* Begin PBXNativeTarget section */
		B315D28B2FA9B412000A70D9 /* SportsApplication */ = {
			isa = PBXNativeTarget;
			buildConfigurationList = B315D2B92FA9B414000A70D9 /* Build configuration list for PBXNativeTarget "SportsApplication" */;
			buildPhases = (
				B315D2882FA9B412000A70D9 /* Sources */,
				B315D2892FA9B412000A70D9 /* Frameworks */,
				B315D28A2FA9B412000A70D9 /* Resources */,
			);
			buildRules = (
			);
			dependencies = (
			);
			name = SportsApplication;
			productName = SportsApplication;
			productReference = B315D28C2FA9B412000A70D9 /* SportsApplication.app */;
			productType = "com.apple.product-type.application";
		};
		B315D2A42FA9B413000A70D9 /* SportsApplicationTests */ = {
			isa = PBXNativeTarget;
			buildConfigurationList = B315D2BC2FA9B414000A70D9 /* Build configuration list for PBXNativeTarget "SportsApplicationTests" */;
			buildPhases = (
				B315D2A12FA9B413000A70D9 /* Sources */,
				B315D2A22FA9B413000A70D9 /* Frameworks */,
				B315D2A32FA9B413000A70D9 /* Resources */,
			);
			buildRules = (
			);
			dependencies = (
				B315D2A72FA9B413000A70D9 /* PBXTargetDependency */,
			);
			name = SportsApplicationTests;
			productName = SportsApplicationTests;
			productReference = B315D2A52FA9B413000A70D9 /* SportsApplicationTests.xctest */;
			productType = "com.apple.product-type.bundle.unit-test";
		};
		B315D2AE2FA9B414000A70D9 /* SportsApplicationUITests */ = {
			isa = PBXNativeTarget;
			buildConfigurationList = B315D2BF2FA9B414000A70D9 /* Build configuration list for PBXNativeTarget "SportsApplicationUITests" */;
			buildPhases = (
				B315D2AB2FA9B414000A70D9 /* Sources */,
				B315D2AC2FA9B414000A70D9 /* Frameworks */,
				B315D2AD2FA9B414000A70D9 /* Resources */,
			);
			buildRules = (
			);
			dependencies = (
				B315D2B12FA9B414000A70D9 /* PBXTargetDependency */,
			);
			name = SportsApplicationUITests;
			productName = SportsApplicationUITests;
			productReference = B315D2AF2FA9B414000A70D9 /* SportsApplicationUITests.xctest */;
			productType = "com.apple.product-type.bundle.ui-testing";
		};
/* End PBXNativeTarget section */

/* Begin PBXProject section */
		B315D2842FA9B412000A70D9 /* Project object */ = {
			isa = PBXProject;
			attributes = {
				BuildIndependentTargetsInParallel = 1;
				LastSwiftUpdateCheck = 1320;
				LastUpgradeCheck = 1320;
				TargetAttributes = {
					B315D28B2FA9B412000A70D9 = {
						CreatedOnToolsVersion = 13.2.1;
					};
					B315D2A42FA9B413000A70D9 = {
						CreatedOnToolsVersion = 13.2.1;
						TestTargetID = B315D28B2FA9B412000A70D9;
					};
					B315D2AE2FA9B414000A70D9 = {
						CreatedOnToolsVersion = 13.2.1;
						TestTargetID = B315D28B2FA9B412000A70D9;
					};
				};
			};
			buildConfigurationList = B315D2872FA9B412000A70D9 /* Build configuration list for PBXProject "SportsApplication" */;
			compatibilityVersion = "Xcode 13.0";
			developmentRegion = en;
			hasScannedForEncodings = 0;
			knownRegions = (
				en,
				Base,
			);
			mainGroup = B315D2832FA9B412000A70D9;
			productRefGroup = B315D28D2FA9B412000A70D9 /* Products */;
			projectDirPath = "";
			projectRoot = "";
			targets = (
				B315D28B2FA9B412000A70D9 /* SportsApplication */,
				B315D2A42FA9B413000A70D9 /* SportsApplicationTests */,
				B315D2AE2FA9B414000A70D9 /* SportsApplicationUITests */,
			);
		};
/* End PBXProject section */

/* Begin PBXResourcesBuildPhase section */
		B315D28A2FA9B412000A70D9 /* Resources */ = {
			isa = PBXResourcesBuildPhase;
			buildActionMask = 2147483647;
			files = (
				B315D29F2FA9B413000A70D9 /* LaunchScreen.storyboard in Resources */,
				B315D29C2FA9B413000A70D9 /* Assets.xcassets in Resources */,
				B315D2972FA9B412000A70D9 /* Main.storyboard in Resources */,
			);
			runOnlyForDeploymentPostprocessing = 0;
		};
		B315D2A32FA9B413000A70D9 /* Resources */ = {
			isa = PBXResourcesBuildPhase;
			buildActionMask = 2147483647;
			files = (
			);
			runOnlyForDeploymentPostprocessing = 0;
		};
		B315D2AD2FA9B414000A70D9 /* Resources */ = {
			isa = PBXResourcesBuildPhase;
			buildActionMask = 2147483647;
			files = (
			);
			runOnlyForDeploymentPostprocessing = 0;
		};
/* End PBXResourcesBuildPhase section */

/* Begin PBXSourcesBuildPhase section */
		B315D2882FA9B412000A70D9 /* Sources */ = {
			isa = PBXSourcesBuildPhase;
			buildActionMask = 2147483647;
			files = (
				B315D2942FA9B412000A70D9 /* ViewController.swift in Sources */,
				B315D29A2FA9B412000A70D9 /* SportsApplication.xcdatamodeld in Sources */,
				B315D2902FA9B412000A70D9 /* AppDelegate.swift in Sources */,
				B315D2922FA9B412000A70D9 /* SceneDelegate.swift in Sources */,
			);
			runOnlyForDeploymentPostprocessing = 0;
		};
		B315D2A12FA9B413000A70D9 /* Sources */ = {
			isa = PBXSourcesBuildPhase;
			buildActionMask = 2147483647;
			files = (
				B315D2AA2FA9B414000A70D9 /* SportsApplicationTests.swift in Sources */,
			);
			runOnlyForDeploymentPostprocessing = 0;
		};
		B315D2AB2FA9B414000A70D9 /* Sources */ = {
			isa = PBXSourcesBuildPhase;
			buildActionMask = 2147483647;
			files = (
				B315D2B62FA9B414000A70D9 /* SportsApplicationUITestsLaunchTests.swift in Sources */,
				B315D2B42FA9B414000A70D9 /* SportsApplicationUITests.swift in Sources */,
			);
			runOnlyForDeploymentPostprocessing = 0;
		};
/* End PBXSourcesBuildPhase section */

/* Begin PBXTargetDependency section */
		B315D2A72FA9B413000A70D9 /* PBXTargetDependency */ = {
			isa = PBXTargetDependency;
			target = B315D28B2FA9B412000A70D9 /* SportsApplication */;
			targetProxy = B315D2A62FA9B413000A70D9 /* PBXContainerItemProxy */;
		};
		B315D2B12FA9B414000A70D9 /* PBXTargetDependency */ = {
			isa = PBXTargetDependency;
			target = B315D28B2FA9B412000A70D9 /* SportsApplication */;
			targetProxy = B315D2B02FA9B414000A70D9 /* PBXContainerItemProxy */;
		};
/* End PBXTargetDependency section */

/* Begin PBXVariantGroup section */
		B315D2952FA9B412000A70D9 /* Main.storyboard */ = {
			isa = PBXVariantGroup;
			children = (
				B315D2962FA9B412000A70D9 /* Base */,
			);
			name = Main.storyboard;
			sourceTree = "<group>";
		};
		B315D29D2FA9B413000A70D9 /* LaunchScreen.storyboard */ = {
			isa = PBXVariantGroup;
			children = (
				B315D29E2FA9B413000A70D9 /* Base */,
			);
			name = LaunchScreen.storyboard;
			sourceTree = "<group>";
		};
/* End PBXVariantGroup section */

/* Begin XCBuildConfiguration section */
		B315D2B72FA9B414000A70D9 /* Debug */ = {
			isa = XCBuildConfiguration;
			buildSettings = {
				ALWAYS_SEARCH_USER_PATHS = NO;
				CLANG_ANALYZER_NONNULL = YES;
				CLANG_ANALYZER_NUMBER_OBJECT_CONVERSION = YES_AGGRESSIVE;
				CLANG_CXX_LANGUAGE_STANDARD = "gnu++17";
				CLANG_CXX_LIBRARY = "libc++";
				CLANG_ENABLE_MODULES = YES;
				CLANG_ENABLE_OBJC_ARC = YES;
				CLANG_ENABLE_OBJC_WEAK = YES;
				CLANG_WARN_BLOCK_CAPTURE_AUTORELEASING = YES;
				CLANG_WARN_BOOL_CONVERSION = YES;
				CLANG_WARN_COMMA = YES;
				CLANG_WARN_CONSTANT_CONVERSION = YES;
				CLANG_WARN_DEPRECATED_OBJC_IMPLEMENTATIONS = YES;
				CLANG_WARN_DIRECT_OBJC_ISA_USAGE = YES_ERROR;
				CLANG_WARN_DOCUMENTATION_COMMENTS = YES;
				CLANG_WARN_EMPTY_BODY = YES;
				CLANG_WARN_ENUM_CONVERSION = YES;
				CLANG_WARN_INFINITE_RECURSION = YES;
				CLANG_WARN_INT_CONVERSION = YES;
				CLANG_WARN_NON_LITERAL_NULL_CONVERSION = YES;
				CLANG_WARN_OBJC_IMPLICIT_RETAIN_SELF = YES;
				CLANG_WARN_OBJC_LITERAL_CONVERSION = YES;
				CLANG_WARN_OBJC_ROOT_CLASS = YES_ERROR;
				CLANG_WARN_QUOTED_INCLUDE_IN_FRAMEWORK_HEADER = YES;
				CLANG_WARN_RANGE_LOOP_ANALYSIS = YES;
				CLANG_WARN_STRICT_PROTOTYPES = YES;
				CLANG_WARN_SUSPICIOUS_MOVE = YES;
				CLANG_WARN_UNGUARDED_AVAILABILITY = YES_AGGRESSIVE;
				CLANG_WARN_UNREACHABLE_CODE = YES;
				CLANG_WARN__DUPLICATE_METHOD_MATCH = YES;
				COPY_PHASE_STRIP = NO;
				DEBUG_INFORMATION_FORMAT = dwarf;
				ENABLE_STRICT_OBJC_MSGSEND = YES;
				ENABLE_TESTABILITY = YES;
				GCC_C_LANGUAGE_STANDARD = gnu11;
				GCC_DYNAMIC_NO_PIC = NO;
				GCC_NO_COMMON_BLOCKS = YES;
				GCC_OPTIMIZATION_LEVEL = 0;
				GCC_PREPROCESSOR_DEFINITIONS = (
					"DEBUG=1",
					"$(inherited)",
				);
				GCC_WARN_64_TO_32_BIT_CONVERSION = YES;
				GCC_WARN_ABOUT_RETURN_TYPE = YES_ERROR;
				GCC_WARN_UNDECLARED_SELECTOR = YES;
				GCC_WARN_UNINITIALIZED_AUTOS = YES_AGGRESSIVE;
				GCC_WARN_UNUSED_FUNCTION = YES;
				GCC_WARN_UNUSED_VARIABLE = YES;
				IPHONEOS_DEPLOYMENT_TARGET = 15.2;
				MTL_ENABLE_DEBUG_INFO = INCLUDE_SOURCE;
				MTL_FAST_MATH = YES;
				ONLY_ACTIVE_ARCH = YES;
				SDKROOT = iphoneos;
				SWIFT_ACTIVE_COMPILATION_CONDITIONS = DEBUG;
				SWIFT_OPTIMIZATION_LEVEL = "-Onone";
			};
			name = Debug;
		};
		B315D2B82FA9B414000A70D9 /* Release */ = {
			isa = XCBuildConfiguration;
			buildSettings = {
				ALWAYS_SEARCH_USER_PATHS = NO;
				CLANG_ANALYZER_NONNULL = YES;
				CLANG_ANALYZER_NUMBER_OBJECT_CONVERSION = YES_AGGRESSIVE;
				CLANG_CXX_LANGUAGE_STANDARD = "gnu++17";
				CLANG_CXX_LIBRARY = "libc++";
				CLANG_ENABLE_MODULES = YES;
				CLANG_ENABLE_OBJC_ARC = YES;
				CLANG_ENABLE_OBJC_WEAK = YES;
				CLANG_WARN_BLOCK_CAPTURE_AUTORELEASING = YES;
				CLANG_WARN_BOOL_CONVERSION = YES;
				CLANG_WARN_COMMA = YES;
				CLANG_WARN_CONSTANT_CONVERSION = YES;
				CLANG_WARN_DEPRECATED_OBJC_IMPLEMENTATIONS = YES;
				CLANG_WARN_DIRECT_OBJC_ISA_USAGE = YES_ERROR;
				CLANG_WARN_DOCUMENTATION_COMMENTS = YES;
				CLANG_WARN_EMPTY_BODY = YES;
				CLANG_WARN_ENUM_CONVERSION = YES;
				CLANG_WARN_INFINITE_RECURSION = YES;
				CLANG_WARN_INT_CONVERSION = YES;
				CLANG_WARN_NON_LITERAL_NULL_CONVERSION = YES;
				CLANG_WARN_OBJC_IMPLICIT_RETAIN_SELF = YES;
				CLANG_WARN_OBJC_LITERAL_CONVERSION = YES;
				CLANG_WARN_OBJC_ROOT_CLASS = YES_ERROR;
				CLANG_WARN_QUOTED_INCLUDE_IN_FRAMEWORK_HEADER = YES;
				CLANG_WARN_RANGE_LOOP_ANALYSIS = YES;
				CLANG_WARN_STRICT_PROTOTYPES = YES;
				CLANG_WARN_SUSPICIOUS_MOVE = YES;
				CLANG_WARN_UNGUARDED_AVAILABILITY = YES_AGGRESSIVE;
				CLANG_WARN_UNREACHABLE_CODE = YES;
				CLANG_WARN__DUPLICATE_METHOD_MATCH = YES;
				COPY_PHASE_STRIP = NO;
				DEBUG_INFORMATION_FORMAT = "dwarf-with-dsym";
				ENABLE_NS_ASSERTIONS = NO;
				ENABLE_STRICT_OBJC_MSGSEND = YES;
				GCC_C_LANGUAGE_STANDARD = gnu11;
				GCC_NO_COMMON_BLOCKS = YES;
				GCC_WARN_64_TO_32_BIT_CONVERSION = YES;
				GCC_WARN_ABOUT_RETURN_TYPE = YES_ERROR;
				GCC_WARN_UNDECLARED_SELECTOR = YES;
				GCC_WARN_UNINITIALIZED_AUTOS = YES_AGGRESSIVE;
				GCC_WARN_UNUSED_FUNCTION = YES;
				GCC_WARN_UNUSED_VARIABLE = YES;
				IPHONEOS_DEPLOYMENT_TARGET = 15.2;
				MTL_ENABLE_DEBUG_INFO = NO;
				MTL_FAST_MATH = YES;
				SDKROOT = iphoneos;
				SWIFT_COMPILATION_MODE = wholemodule;
				SWIFT_OPTIMIZATION_LEVEL = "-O";
				VALIDATE_PRODUCT = YES;
			};
			name = Release;
		};
		B315D2BA2FA9B414000A70D9 /* Debug */ = {
			isa = XCBuildConfiguration;
			buildSettings = {
				ASSETCATALOG_COMPILER_APPICON_NAME = AppIcon;
				ASSETCATALOG_COMPILER_GLOBAL_ACCENT_COLOR_NAME = AccentColor;
				CODE_SIGN_STYLE = Automatic;
				CURRENT_PROJECT_VERSION = 1;
				GENERATE_INFOPLIST_FILE = YES;
				INFOPLIST_FILE = SportsApplication/Info.plist;
				INFOPLIST_KEY_UIApplicationSupportsIndirectInputEvents = YES;
				INFOPLIST_KEY_UILaunchStoryboardName = LaunchScreen;
				INFOPLIST_KEY_UIMainStoryboardFile = Main;
				INFOPLIST_KEY_UISupportedInterfaceOrientations_iPad = "UIInterfaceOrientationPortrait UIInterfaceOrientationPortraitUpsideDown UIInterfaceOrientationLandscapeLeft UIInterfaceOrientationLandscapeRight";
				INFOPLIST_KEY_UISupportedInterfaceOrientations_iPhone = "UIInterfaceOrientationPortrait UIInterfaceOrientationLandscapeLeft UIInterfaceOrientationLandscapeRight";
				LD_RUNPATH_SEARCH_PATHS = (
					"$(inherited)",
					"@executable_path/Frameworks",
				);
				MARKETING_VERSION = 1.0;
				PRODUCT_BUNDLE_IDENTIFIER = iti.SportsApplication;
				PRODUCT_NAME = "$(TARGET_NAME)";
				SWIFT_EMIT_LOC_STRINGS = YES;
				SWIFT_VERSION = 5.0;
				TARGETED_DEVICE_FAMILY = "1,2";
			};
			name = Debug;
		};
		B315D2BB2FA9B414000A70D9 /* Release */ = {
			isa = XCBuildConfiguration;
			buildSettings = {
				ASSETCATALOG_COMPILER_APPICON_NAME = AppIcon;
				ASSETCATALOG_COMPILER_GLOBAL_ACCENT_COLOR_NAME = AccentColor;
				CODE_SIGN_STYLE = Automatic;
				CURRENT_PROJECT_VERSION = 1;
				GENERATE_INFOPLIST_FILE = YES;
				INFOPLIST_FILE = SportsApplication/Info.plist;
				INFOPLIST_KEY_UIApplicationSupportsIndirectInputEvents = YES;
				INFOPLIST_KEY_UILaunchStoryboardName = LaunchScreen;
				INFOPLIST_KEY_UIMainStoryboardFile = Main;
				INFOPLIST_KEY_UISupportedInterfaceOrientations_iPad = "UIInterfaceOrientationPortrait UIInterfaceOrientationPortraitUpsideDown UIInterfaceOrientationLandscapeLeft UIInterfaceOrientationLandscapeRight";
				INFOPLIST_KEY_UISupportedInterfaceOrientations_iPhone = "UIInterfaceOrientationPortrait UIInterfaceOrientationLandscapeLeft UIInterfaceOrientationLandscapeRight";
				LD_RUNPATH_SEARCH_PATHS = (
					"$(inherited)",
					"@executable_path/Frameworks",
				);
				MARKETING_VERSION = 1.0;
				PRODUCT_BUNDLE_IDENTIFIER = iti.SportsApplication;
				PRODUCT_NAME = "$(TARGET_NAME)";
				SWIFT_EMIT_LOC_STRINGS = YES;
				SWIFT_VERSION = 5.0;
				TARGETED_DEVICE_FAMILY = "1,2";
			};
			name = Release;
		};
		B315D2BD2FA9B414000A70D9 /* Debug */ = {
			isa = XCBuildConfiguration;
			buildSettings = {
				ALWAYS_EMBED_SWIFT_STANDARD_LIBRARIES = YES;
				BUNDLE_LOADER = "$(TEST_HOST)";
				CODE_SIGN_STYLE = Automatic;
				CURRENT_PROJECT_VERSION = 1;
				GENERATE_INFOPLIST_FILE = YES;
				IPHONEOS_DEPLOYMENT_TARGET = 15.2;
				MARKETING_VERSION = 1.0;
				PRODUCT_BUNDLE_IDENTIFIER = iti.SportsApplicationTests;
				PRODUCT_NAME = "$(TARGET_NAME)";
				SWIFT_EMIT_LOC_STRINGS = NO;
				SWIFT_VERSION = 5.0;
				TARGETED_DEVICE_FAMILY = "1,2";
				TEST_HOST = "$(BUILT_PRODUCTS_DIR)/SportsApplication.app/SportsApplication";
			};
			name = Debug;
		};
		B315D2BE2FA9B414000A70D9 /* Release */ = {
			isa = XCBuildConfiguration;
			buildSettings = {
				ALWAYS_EMBED_SWIFT_STANDARD_LIBRARIES = YES;
				BUNDLE_LOADER = "$(TEST_HOST)";
				CODE_SIGN_STYLE = Automatic;
				CURRENT_PROJECT_VERSION = 1;
				GENERATE_INFOPLIST_FILE = YES;
				IPHONEOS_DEPLOYMENT_TARGET = 15.2;
				MARKETING_VERSION = 1.0;
				PRODUCT_BUNDLE_IDENTIFIER = iti.SportsApplicationTests;
				PRODUCT_NAME = "$(TARGET_NAME)";
				SWIFT_EMIT_LOC_STRINGS = NO;
				SWIFT_VERSION = 5.0;
				TARGETED_DEVICE_FAMILY = "1,2";
				TEST_HOST = "$(BUILT_PRODUCTS_DIR)/SportsApplication.app/SportsApplication";
			};
			name = Release;
		};
		B315D2C02FA9B414000A70D9 /* Debug */ = {
			isa = XCBuildConfiguration;
			buildSettings = {
				ALWAYS_EMBED_SWIFT_STANDARD_LIBRARIES = YES;
				CODE_SIGN_STYLE = Automatic;
				CURRENT_PROJECT_VERSION = 1;
				GENERATE_INFOPLIST_FILE = YES;
				MARKETING_VERSION = 1.0;
				PRODUCT_BUNDLE_IDENTIFIER = iti.SportsApplicationUITests;
				PRODUCT_NAME = "$(TARGET_NAME)";
				SWIFT_EMIT_LOC_STRINGS = NO;
				SWIFT_VERSION = 5.0;
				TARGETED_DEVICE_FAMILY = "1,2";
				TEST_TARGET_NAME = SportsApplication;
			};
			name = Debug;
		};
		B315D2C12FA9B414000A70D9 /* Release */ = {
			isa = XCBuildConfiguration;
			buildSettings = {
				ALWAYS_EMBED_SWIFT_STANDARD_LIBRARIES = YES;
				CODE_SIGN_STYLE = Automatic;
				CURRENT_PROJECT_VERSION = 1;
				GENERATE_INFOPLIST_FILE = YES;
				MARKETING_VERSION = 1.0;
				PRODUCT_BUNDLE_IDENTIFIER = iti.SportsApplicationUITests;
				PRODUCT_NAME = "$(TARGET_NAME)";
				SWIFT_EMIT_LOC_STRINGS = NO;
				SWIFT_VERSION = 5.0;
				TARGETED_DEVICE_FAMILY = "1,2";
				TEST_TARGET_NAME = SportsApplication;
			};
			name = Release;
		};
/* End XCBuildConfiguration section */

/* Begin XCConfigurationList section */
		B315D2872FA9B412000A70D9 /* Build configuration list for PBXProject "SportsApplication" */ = {
			isa = XCConfigurationList;
			buildConfigurations = (
				B315D2B72FA9B414000A70D9 /* Debug */,
				B315D2B82FA9B414000A70D9 /* Release */,
			);
			defaultConfigurationIsVisible = 0;
			defaultConfigurationName = Release;
		};
		B315D2B92FA9B414000A70D9 /* Build configuration list for PBXNativeTarget "SportsApplication" */ = {
			isa = XCConfigurationList;
			buildConfigurations = (
				B315D2BA2FA9B414000A70D9 /* Debug */,
				B315D2BB2FA9B414000A70D9 /* Release */,
			);
			defaultConfigurationIsVisible = 0;
			defaultConfigurationName = Release;
		};
		B315D2BC2FA9B414000A70D9 /* Build configuration list for PBXNativeTarget "SportsApplicationTests" */ = {
			isa = XCConfigurationList;
			buildConfigurations = (
				B315D2BD2FA9B414000A70D9 /* Debug */,
				B315D2BE2FA9B414000A70D9 /* Release */,
			);
			defaultConfigurationIsVisible = 0;
			defaultConfigurationName = Release;
		};
		B315D2BF2FA9B414000A70D9 /* Build configuration list for PBXNativeTarget "SportsApplicationUITests" */ = {
			isa = XCConfigurationList;
			buildConfigurations = (
				B315D2C02FA9B414000A70D9 /* Debug */,
				B315D2C12FA9B414000A70D9 /* Release */,
			);
			defaultConfigurationIsVisible = 0;
			defaultConfigurationName = Release;
		};
/* End XCConfigurationList section */

/* Begin XCVersionGroup section */
		B315D2982FA9B412000A70D9 /* SportsApplication.xcdatamodeld */ = {
			isa = XCVersionGroup;
			children = (
				B315D2992FA9B412000A70D9 /* SportsApplication.xcdatamodel */,
			);
			currentVersion = B315D2992FA9B412000A70D9 /* SportsApplication.xcdatamodel */;
			path = SportsApplication.xcdatamodeld;
			sourceTree = "<group>";
			versionGroupType = wrapper.xcdatamodel;
		};
/* End XCVersionGroup section */
	};
	rootObject = B315D2842FA9B412000A70D9 /* Project object */;
}
