{
  "object": {
    "pins": [
      {
        "package": "Alamofire",
        "repositoryURL": "https://github.com/Alamofire/Alamofire.git",
        "state": {
          "branch": null,
          "revision": "63dfa86548c4e5d5c6fd6ed42f638e388cbce529",
          "version": "5.6.0"
        }
      },
      {
        "package": "Kingfisher",
        "repositoryURL": "https://github.com/onevcat/kingfisher",
        "state": {
          "branch": null,
          "revision": "022e4eeb79f817748544b318b991d9a70036bbf8",
          "version": "7.2.4"
        }
      },
      {
        "package": "Lottie",
        "repositoryURL": "https://github.com/airbnb/lottie-spm",
        "state": {
          "branch": null,
          "revision": "60ea4f82fba8b4cb21a75665a889e86ed4d81c6e",
          "version": "4.2.0"
        }
      },
      {
        "package": "SkeletonView",
        "repositoryURL": "https://github.com/Juanpe/SkeletonView.git",
        "state": {
          "branch": null,
          "revision": "a9c22f502a4d938bd3fb6f17fe4d6633c423085a",
          "version": "1.26.0"
        }
      }
    ]
  },
  "version": 1
}
